Microsoft Visual Studio Solution File, Format Version 12.00
# Visual Studio 15
VisualStudioVersion = 15.0.27130.2036
MinimumVisualStudioVersion = 10.0.40219.1
Project("{FAE04EC0-301F-11D3-BF4B-00C04F79EFBC}") = "UniEye.Base", "Reference\UniEye.Base\UniEye.Base.csproj", "{0BD31B0D-4675-460F-BF03-82AFAFDD1D1F}"
EndProject
Project("{FAE04EC0-301F-11D3-BF4B-00C04F79EFBC}") = "DynMvp", "Reference\DynMvp\DynMvp.csproj", "{532B9DD5-C3DC-4F76-8CF4-233C867FC2D3}"
EndProject
Project("{FAE04EC0-301F-11D3-BF4B-00C04F79EFBC}") = "DynMvp.Data", "Reference\DynMvp.Data\DynMvp.Data.csproj", "{88F6F6BE-0858-41E6-9CE2-3704AEFC12A7}"
EndProject
Project("{FAE04EC0-301F-11D3-BF4B-00C04F79EFBC}") = "DynMvp.Device", "Reference\DynMvp.Device\DynMvp.Device.csproj", "{6BCC6601-4E70-4066-889C-CDA17497878A}"
EndProject
Project("{FAE04EC0-301F-11D3-BF4B-00C04F79EFBC}") = "DynMvp.Vision", "Reference\DynMvp.Vision\DynMvp.Vision.csproj", "{146F582A-9D90-4EBB-8D2A-52C34D1A6FAA}"
EndProject
Project("{FAE04EC0-301F-11D3-BF4B-00C04F79EFBC}") = "UniScanM", "UniScanM\UniScanM\UniScanM.csproj", "{B76F4559-5319-42F1-9FF5-B50A86F9F42A}"
EndProject
Project("{FAE04EC0-301F-11D3-BF4B-00C04F79EFBC}") = "UniScanF", "UniScanF\UniScanF.csproj", "{4FAD3D26-069E-4FA7-9729-A9783C87DA0B}"
EndProject
Project("{2150E333-8FDC-42A3-9474-1A3956D46DE8}") = "Reference", "Reference", "{B6FF48BA-3E72-4A24-844C-00D565AC0A14}"
EndProject
Project("{2150E333-8FDC-42A3-9474-1A3956D46DE8}") = "UniScanM", "UniScanM", "{C4441AFD-AEBF-4AEA-8BE8-2C27F3CC962A}"
EndProject
Project("{2150E333-8FDC-42A3-9474-1A3956D46DE8}") = "Exchange", "Exchange", "{5C3CB72C-D477-4E70-AB7B-D3A4E8381397}"
EndProject
Project("{FAE04EC0-301F-11D3-BF4B-00C04F79EFBC}") = "UniScanG", "Exchange\UniScanG\UniScanG.csproj", "{851FB6FA-7740-44B8-9ED1-AD92058B5F68}"
EndProject
Project("{FAE04EC0-301F-11D3-BF4B-00C04F79EFBC}") = "UniScan.Common", "Exchange\UniScan.Common\UniScan.Common.csproj", "{D4E91BA9-A568-4EC8-93DC-FD14A012026B}"
EndProject
Project("{FAE04EC0-301F-11D3-BF4B-00C04F79EFBC}") = "UniScanM.StillImage", "UniScanM\UniScanM.StillImage\UniScanM.StillImage.csproj", "{31D44018-B406-4AB2-9E29-6A301D72C752}"
EndProject
Project("{FAE04EC0-301F-11D3-BF4B-00C04F79EFBC}") = "UniScan.Inspector", "Exchange\UniScan.Inspector\UniScan.Inspector.csproj", "{D27E7D32-E086-4CA1-A1C4-61F2CFC96E99}"
EndProject
Project("{FAE04EC0-301F-11D3-BF4B-00C04F79EFBC}") = "UniScan.Monitor", "Exchange\UniScan.Monitor\UniScan.Monitor.csproj", "{9814CB2F-F8F1-40B3-9F77-56D7C92994FB}"
EndProject
Project("{2150E333-8FDC-42A3-9474-1A3956D46DE8}") = "Test", "Test", "{6FF659D0-3D15-43D1-9FFC-4DDFBEA9718F}"
EndProject
Project("{FAE04EC0-301F-11D3-BF4B-00C04F79EFBC}") = "AlphaMotionMove", "Test\AlphaMotionMove\AlphaMotionMove.csproj", "{E71833D5-90EF-476C-9EF0-A54ECCA8F89B}"
EndProject
Project("{2150E333-8FDC-42A3-9474-1A3956D46DE8}") = "Utility", "Utility", "{F880D426-F51F-4EE2-BFE1-DEBBB3370A53}"
EndProject
Project("{FAE04EC0-301F-11D3-BF4B-00C04F79EFBC}") = "UnieyeLauncher", "Utility\UnieyeLauncher\UnieyeLauncher.csproj", "{BA55C84C-C99C-45CF-BAE5-313111435EF2}"
EndProject
Project("{FAE04EC0-301F-11D3-BF4B-00C04F79EFBC}") = "CameraCalibration", "Utility\CameraCalibration\CameraCalibration.csproj", "{958FF4A0-9B33-4D1A-9F6B-778EE0404E29}"
EndProject
Project("{FAE04EC0-301F-11D3-BF4B-00C04F79EFBC}") = "UniScanM.ColorSens", "UniScanM\UniScanM.Color\UniScanM.ColorSens.csproj", "{A35BDC68-90FE-4235-AB8E-22909A342DDD}"
EndProject
Project("{FAE04EC0-301F-11D3-BF4B-00C04F79EFBC}") = "UniScanM.EDMS", "UniScanM\UniScanM.EDMS\UniScanM.EDMS.csproj", "{780A8AEB-BF39-4A8F-9E61-C7FC4F0C360C}"
EndProject
Project("{FAE04EC0-301F-11D3-BF4B-00C04F79EFBC}") = "UniScanM.RVMS", "UniScanM\UniScanM.RVMS\UniScanM.RVMS.csproj", "{F862D675-0839-4DFE-8331-632D7D93FD2B}"
EndProject
Project("{FAE04EC0-301F-11D3-BF4B-00C04F79EFBC}") = "UnieyeBatteryChecker", "Utility\UnieyeBatteryChecker\UnieyeBatteryChecker.csproj", "{EDB385ED-F65B-4A17-B01C-FFC45F87F395}"
EndProject
Project("{FAE04EC0-301F-11D3-BF4B-00C04F79EFBC}") = "ExcelExport", "Test\ExcelExport\ExcelExport.csproj", "{B647AA2B-5321-4F97-8AA4-6D3EB4BBBB6F}"
EndProject
Project("{FAE04EC0-301F-11D3-BF4B-00C04F79EFBC}") = "DataCollector", "Utility\DataCollector\DataCollector.csproj", "{7343E094-7498-4127-B5BF-690199A9BE97}"
EndProject
Project("{FAE04EC0-301F-11D3-BF4B-00C04F79EFBC}") = "UniScanGDataAnalyzer", "Utility\UniScanGDataAnalyzer\UniScanGDataAnalyzer.csproj", "{01AED387-A6F4-4533-931F-E2586C7D7D7A}"
EndProject
Project("{FAE04EC0-301F-11D3-BF4B-00C04F79EFBC}") = "ImageSave", "Test\ImageSave\ImageSave.csproj", "{33E74ECA-65BE-4B02-83B1-4920BC5E2377}"
EndProject
Project("{FAE04EC0-301F-11D3-BF4B-00C04F79EFBC}") = "UserManager", "Utility\UserManager\UserManager.csproj", "{C790B7E6-FF8A-4A33-B05D-80611D47DDEC}"
EndProject
Project("{FAE04EC0-301F-11D3-BF4B-00C04F79EFBC}") = "MakeDefectImage", "Test\MakeDefectImage\MakeDefectImage.csproj", "{576A1A0E-E31B-4BB1-BAB6-988DB24AC9B6}"
EndProject
Project("{FAE04EC0-301F-11D3-BF4B-00C04F79EFBC}") = "SheetFinderTest", "Test\SheetFinderTest\SheetFinderTest.csproj", "{928F1530-124F-4360-9533-EF475FE9E089}"
EndProject
Project("{FAE04EC0-301F-11D3-BF4B-00C04F79EFBC}") = "SWValidater", "Utility\SWValidater\SWValidater.csproj", "{37A79BE6-430A-4B30-BA84-FDFF760DF270}"
EndProject
Project("{FAE04EC0-301F-11D3-BF4B-00C04F79EFBC}") = "UniScan.Watch", "Exchange\UniScan.Watch\UniScan.Watch.csproj", "{84164C6C-05B7-4A41-BC3D-E0AA9D556547}"
EndProject
Project("{2150E333-8FDC-42A3-9474-1A3956D46DE8}") = "Xaml", "Xaml", "{749E8F8F-F83B-411F-B2C0-3AC4041353B2}"
EndProject
Project("{FAE04EC0-301F-11D3-BF4B-00C04F79EFBC}") = "StringManager", "StringManager\StringManager.csproj", "{C0D1BFE9-46D9-4C57-8618-71C28BBBD6E7}"
EndProject
Project("{FAE04EC0-301F-11D3-BF4B-00C04F79EFBC}") = "UniScanM.Pinhole", "UniScanM\UniScanM.Pinhole\UniScanM.Pinhole.csproj", "{16528750-631B-444F-8B2E-2BDC2847157F}"
EndProject
Project("{FAE04EC0-301F-11D3-BF4B-00C04F79EFBC}") = "FastCanvasPanel", "Test\FastCanvasPanel\FastCanvasPanel.csproj", "{0DA5D240-2E0A-48F5-9826-BC72B4BDDB47}"
EndProject
Project("{FAE04EC0-301F-11D3-BF4B-00C04F79EFBC}") = "MIL_vs_CUDA", "Test\MIL_vs_CUDA\MIL_vs_CUDA.csproj", "{4E540BE5-65F2-4CD0-8AA8-81CFCB53BA75}"
EndProject
Project("{FAE04EC0-301F-11D3-BF4B-00C04F79EFBC}") = "UniScanWPF", "Xaml\Framwork\WPF\Samsung\UniScanWPF\UniScanWPF.csproj", "{2907F38C-7BA3-42BB-AB9C-E9B3C4CCBD76}"
EndProject
Project("{FAE04EC0-301F-11D3-BF4B-00C04F79EFBC}") = "UniScanWPF.Screen.PinHoleColor", "Xaml\Framwork\WPF\Samsung\UniScanWPF.Screen.PinHoleColor\UniScanWPF.Screen.PinHoleColor.csproj", "{0902BA13-959B-4B0E-A559-7E93CFA60B4B}"
EndProject
Project("{FAE04EC0-301F-11D3-BF4B-00C04F79EFBC}") = "UniScanWPF.Table", "Xaml\Framwork\WPF\Samsung\UniScanWPF.Table\UniScanWPF.Table.csproj", "{F944A89B-488F-4BD0-9F9A-4C36E93DFD44}"
EndProject
Project("{FAE04EC0-301F-11D3-BF4B-00C04F79EFBC}") = "WpfControlLibrary", "Xaml\Framwork\WPF\Samsung\WpfControlLibrary\WpfControlLibrary.csproj", "{879EE343-D5D0-48A4-9F9A-FEC6CE364786}"
EndProject
Project("{FAE04EC0-301F-11D3-BF4B-00C04F79EFBC}") = "UWP.COSMO", "Xaml\Core\UWP\Offline\UWP.COSMO\UWP.COSMO.csproj", "{8332B112-7B21-4777-8908-A55D0C723F63}"
EndProject
Project("{2150E333-8FDC-42A3-9474-1A3956D46DE8}") = "WPF", "WPF", "{7B4FC8FC-F230-45C5-82DC-6002F2D56B41}"
EndProject
Project("{2150E333-8FDC-42A3-9474-1A3956D46DE8}") = "Core", "Core", "{6A8513DD-D7F1-4D22-AA06-BFC1DD428DE9}"
EndProject
Project("{FAE04EC0-301F-11D3-BF4B-00C04F79EFBC}") = "UWP.Base", "Xaml\Core\UWP\UWP.Base\UWP.Base.csproj", "{D8C77393-7833-4253-9992-A7B006A2D5C0}"
EndProject
Project("{2150E333-8FDC-42A3-9474-1A3956D46DE8}") = "Offline", "Offline", "{D9AB9301-3044-4352-881D-BC9840086075}"
EndProject
Project("{2150E333-8FDC-42A3-9474-1A3956D46DE8}") = "UWP", "UWP", "{59785165-A022-4849-B79A-BD4848DA9B7B}"
EndProject
Project("{FAE04EC0-301F-11D3-BF4B-00C04F79EFBC}") = "UWP.Offline.Base", "Xaml\Core\UWP\Offline\UWP.Offline.Base\UWP.Offline.Base.csproj", "{7741A63A-68D5-4B90-9177-5EF081989129}"
EndProject
Project("{2150E333-8FDC-42A3-9474-1A3956D46DE8}") = "Framework", "Framework", "{4088F98C-0F64-496D-B2BD-017CBE0D6394}"
EndProject
Project("{FAE04EC0-301F-11D3-BF4B-00C04F79EFBC}") = "UWP.SEMCNS", "Xaml\Core\UWP\Offline\UWP.SEMCNS\UWP.SEMCNS.csproj", "{CAA6CCA6-96DF-4F24-A93B-BEFC2D6CD45F}"
EndProject
Project("{2150E333-8FDC-42A3-9474-1A3956D46DE8}") = "Standard", "Standard", "{5AC08DF5-93B6-448F-A90D-578E8DBED9EE}"
EndProject
Project("{9A19103F-16F7-4668-BE54-9A1E7A4F7556}") = "Standard.DynMvp.Base", "Standard\Standard.DynMvp.Base\Standard.DynMvp.Base.csproj", "{91F557AD-CA14-48FE-9783-2E3213E48F34}"
EndProject
Project("{9A19103F-16F7-4668-BE54-9A1E7A4F7556}") = "Standard.DynMvp.Devices", "Standard\Standard.DynMvp.Devices\Standard.DynMvp.Devices.csproj", "{F4D1CB9F-FF46-4927-AE7F-4E8A889F4B0C}"
EndProject
Project("{9A19103F-16F7-4668-BE54-9A1E7A4F7556}") = "Standard.DynMvp.Vision", "Standard\Standard.DynMvp.Vision\Standard.DynMvp.Vision.csproj", "{360C391E-85C4-4997-B9BD-B451D760A04F}"
EndProject
Project("{2150E333-8FDC-42A3-9474-1A3956D46DE8}") = "Samsung", "Samsung", "{2976DA9D-5BEA-4DB3-930C-FCAD8FDC4D13}"
EndProject
Project("{FAE04EC0-301F-11D3-BF4B-00C04F79EFBC}") = "UinScanGTest", "Test\UinScanGTest\UinScanGTest.csproj", "{0EF5F7EB-8486-4300-8A19-8C41AC8D91B7}"
EndProject
Project("{FAE04EC0-301F-11D3-BF4B-00C04F79EFBC}") = "WPF.Base", "Xaml\Framwork\WPF\WPF.Base\WPF.Base.csproj", "{252484F7-A94B-4D52-AA89-7BD627DE5D10}"
EndProject
Project("{FAE04EC0-301F-11D3-BF4B-00C04F79EFBC}") = "WPF.SEMCNS.Offline", "Xaml\Framwork\WPF\WPF.SEMCNS.Offline\WPF.SEMCNS.Offline.csproj", "{98F83B85-3F7C-4CCC-865B-8815AC429B94}"
EndProject
Project("{FAE04EC0-301F-11D3-BF4B-00C04F79EFBC}") = "WPF.COSMO.Offline", "WPF.COSMO.Offline\WPF.COSMO.Offline.csproj", "{2ABF51EC-BCAB-4E27-8415-A772B249CC68}"
EndProject
Project("{2150E333-8FDC-42A3-9474-1A3956D46DE8}") = "Cuda", "Cuda", "{9C69C5A3-7095-40B2-98D8-8E26164D3B44}"
EndProject
Project("{8BC9CEB8-8B4A-11D0-8D11-00A0C91BC942}") = "cuCUDAs", "Cuda\cuCUDAs\cuCUDAs.vcxproj", "{C0FB3279-D492-43BC-89D4-A481F51EA4AE}"
EndProject
Global
	GlobalSection(SolutionConfigurationPlatforms) = preSolution
		Debug|Any CPU = Debug|Any CPU
		Debug|x64 = Debug|x64
		Debug|x86 = Debug|x86
		Release|Any CPU = Release|Any CPU
		Release|x64 = Release|x64
		Release|x86 = Release|x86
		Remote|Any CPU = Remote|Any CPU
		Remote|x64 = Remote|x64
		Remote|x86 = Remote|x86
	EndGlobalSection
	GlobalSection(ProjectConfigurationPlatforms) = postSolution
		{0BD31B0D-4675-460F-BF03-82AFAFDD1D1F}.Debug|Any CPU.ActiveCfg = Debug|x64
		{0BD31B0D-4675-460F-BF03-82AFAFDD1D1F}.Debug|x64.ActiveCfg = Debug|x64
		{0BD31B0D-4675-460F-BF03-82AFAFDD1D1F}.Debug|x64.Build.0 = Debug|x64
		{0BD31B0D-4675-460F-BF03-82AFAFDD1D1F}.Debug|x86.ActiveCfg = Debug|x64
		{0BD31B0D-4675-460F-BF03-82AFAFDD1D1F}.Release|Any CPU.ActiveCfg = Release|x64
		{0BD31B0D-4675-460F-BF03-82AFAFDD1D1F}.Release|x64.ActiveCfg = Release|x64
		{0BD31B0D-4675-460F-BF03-82AFAFDD1D1F}.Release|x64.Build.0 = Release|x64
		{0BD31B0D-4675-460F-BF03-82AFAFDD1D1F}.Release|x86.ActiveCfg = Release|x64
		{0BD31B0D-4675-460F-BF03-82AFAFDD1D1F}.Remote|Any CPU.ActiveCfg = Remote|x64
		{0BD31B0D-4675-460F-BF03-82AFAFDD1D1F}.Remote|x64.ActiveCfg = Remote|x64
		{0BD31B0D-4675-460F-BF03-82AFAFDD1D1F}.Remote|x64.Build.0 = Remote|x64
		{0BD31B0D-4675-460F-BF03-82AFAFDD1D1F}.Remote|x86.ActiveCfg = Remote|x64
		{532B9DD5-C3DC-4F76-8CF4-233C867FC2D3}.Debug|Any CPU.ActiveCfg = Debug|x64
		{532B9DD5-C3DC-4F76-8CF4-233C867FC2D3}.Debug|x64.ActiveCfg = Debug|x64
		{532B9DD5-C3DC-4F76-8CF4-233C867FC2D3}.Debug|x64.Build.0 = Debug|x64
		{532B9DD5-C3DC-4F76-8CF4-233C867FC2D3}.Debug|x86.ActiveCfg = Debug|x64
		{532B9DD5-C3DC-4F76-8CF4-233C867FC2D3}.Release|Any CPU.ActiveCfg = Release|x64
		{532B9DD5-C3DC-4F76-8CF4-233C867FC2D3}.Release|x64.ActiveCfg = Release|x64
		{532B9DD5-C3DC-4F76-8CF4-233C867FC2D3}.Release|x64.Build.0 = Release|x64
		{532B9DD5-C3DC-4F76-8CF4-233C867FC2D3}.Release|x86.ActiveCfg = Release|x64
		{532B9DD5-C3DC-4F76-8CF4-233C867FC2D3}.Remote|Any CPU.ActiveCfg = Remote|x64
		{532B9DD5-C3DC-4F76-8CF4-233C867FC2D3}.Remote|x64.ActiveCfg = Remote|x64
		{532B9DD5-C3DC-4F76-8CF4-233C867FC2D3}.Remote|x64.Build.0 = Remote|x64
		{532B9DD5-C3DC-4F76-8CF4-233C867FC2D3}.Remote|x86.ActiveCfg = Remote|x64
		{88F6F6BE-0858-41E6-9CE2-3704AEFC12A7}.Debug|Any CPU.ActiveCfg = Debug|x64
		{88F6F6BE-0858-41E6-9CE2-3704AEFC12A7}.Debug|x64.ActiveCfg = Debug|x64
		{88F6F6BE-0858-41E6-9CE2-3704AEFC12A7}.Debug|x64.Build.0 = Debug|x64
		{88F6F6BE-0858-41E6-9CE2-3704AEFC12A7}.Debug|x86.ActiveCfg = Debug|x64
		{88F6F6BE-0858-41E6-9CE2-3704AEFC12A7}.Release|Any CPU.ActiveCfg = Release|x64
		{88F6F6BE-0858-41E6-9CE2-3704AEFC12A7}.Release|x64.ActiveCfg = Release|x64
		{88F6F6BE-0858-41E6-9CE2-3704AEFC12A7}.Release|x64.Build.0 = Release|x64
		{88F6F6BE-0858-41E6-9CE2-3704AEFC12A7}.Release|x86.ActiveCfg = Release|x64
		{88F6F6BE-0858-41E6-9CE2-3704AEFC12A7}.Remote|Any CPU.ActiveCfg = Remote|x64
		{88F6F6BE-0858-41E6-9CE2-3704AEFC12A7}.Remote|x64.ActiveCfg = Remote|x64
		{88F6F6BE-0858-41E6-9CE2-3704AEFC12A7}.Remote|x64.Build.0 = Remote|x64
		{88F6F6BE-0858-41E6-9CE2-3704AEFC12A7}.Remote|x86.ActiveCfg = Remote|x64
		{6BCC6601-4E70-4066-889C-CDA17497878A}.Debug|Any CPU.ActiveCfg = Debug|x64
		{6BCC6601-4E70-4066-889C-CDA17497878A}.Debug|x64.ActiveCfg = Debug|x64
		{6BCC6601-4E70-4066-889C-CDA17497878A}.Debug|x64.Build.0 = Debug|x64
		{6BCC6601-4E70-4066-889C-CDA17497878A}.Debug|x86.ActiveCfg = Debug|x64
		{6BCC6601-4E70-4066-889C-CDA17497878A}.Release|Any CPU.ActiveCfg = Release|x64
		{6BCC6601-4E70-4066-889C-CDA17497878A}.Release|x64.ActiveCfg = Release|x64
		{6BCC6601-4E70-4066-889C-CDA17497878A}.Release|x64.Build.0 = Release|x64
		{6BCC6601-4E70-4066-889C-CDA17497878A}.Release|x86.ActiveCfg = Release|x64
		{6BCC6601-4E70-4066-889C-CDA17497878A}.Remote|Any CPU.ActiveCfg = Remote|x64
		{6BCC6601-4E70-4066-889C-CDA17497878A}.Remote|x64.ActiveCfg = Remote|x64
		{6BCC6601-4E70-4066-889C-CDA17497878A}.Remote|x64.Build.0 = Remote|x64
		{6BCC6601-4E70-4066-889C-CDA17497878A}.Remote|x86.ActiveCfg = Remote|x64
		{146F582A-9D90-4EBB-8D2A-52C34D1A6FAA}.Debug|Any CPU.ActiveCfg = Debug|x64
		{146F582A-9D90-4EBB-8D2A-52C34D1A6FAA}.Debug|x64.ActiveCfg = Debug|x64
		{146F582A-9D90-4EBB-8D2A-52C34D1A6FAA}.Debug|x64.Build.0 = Debug|x64
		{146F582A-9D90-4EBB-8D2A-52C34D1A6FAA}.Debug|x86.ActiveCfg = Debug|x64
		{146F582A-9D90-4EBB-8D2A-52C34D1A6FAA}.Release|Any CPU.ActiveCfg = Release|x64
		{146F582A-9D90-4EBB-8D2A-52C34D1A6FAA}.Release|x64.ActiveCfg = Release|x64
		{146F582A-9D90-4EBB-8D2A-52C34D1A6FAA}.Release|x64.Build.0 = Release|x64
		{146F582A-9D90-4EBB-8D2A-52C34D1A6FAA}.Release|x86.ActiveCfg = Release|x64
		{146F582A-9D90-4EBB-8D2A-52C34D1A6FAA}.Remote|Any CPU.ActiveCfg = Remote|x64
		{146F582A-9D90-4EBB-8D2A-52C34D1A6FAA}.Remote|x64.ActiveCfg = Remote|x64
		{146F582A-9D90-4EBB-8D2A-52C34D1A6FAA}.Remote|x64.Build.0 = Remote|x64
		{146F582A-9D90-4EBB-8D2A-52C34D1A6FAA}.Remote|x86.ActiveCfg = Remote|x64
		{B76F4559-5319-42F1-9FF5-B50A86F9F42A}.Debug|Any CPU.ActiveCfg = Debug|x64
		{B76F4559-5319-42F1-9FF5-B50A86F9F42A}.Debug|x64.ActiveCfg = Debug|x64
		{B76F4559-5319-42F1-9FF5-B50A86F9F42A}.Debug|x64.Build.0 = Debug|x64
		{B76F4559-5319-42F1-9FF5-B50A86F9F42A}.Debug|x86.ActiveCfg = Debug|x64
		{B76F4559-5319-42F1-9FF5-B50A86F9F42A}.Release|Any CPU.ActiveCfg = Release|x64
		{B76F4559-5319-42F1-9FF5-B50A86F9F42A}.Release|x64.ActiveCfg = Release|x64
		{B76F4559-5319-42F1-9FF5-B50A86F9F42A}.Release|x64.Build.0 = Release|x64
		{B76F4559-5319-42F1-9FF5-B50A86F9F42A}.Release|x86.ActiveCfg = Release|x64
		{B76F4559-5319-42F1-9FF5-B50A86F9F42A}.Remote|Any CPU.ActiveCfg = Remote|x64
		{B76F4559-5319-42F1-9FF5-B50A86F9F42A}.Remote|x64.ActiveCfg = Remote|x64
		{B76F4559-5319-42F1-9FF5-B50A86F9F42A}.Remote|x64.Build.0 = Remote|x64
		{B76F4559-5319-42F1-9FF5-B50A86F9F42A}.Remote|x86.ActiveCfg = Remote|x64
		{4FAD3D26-069E-4FA7-9729-A9783C87DA0B}.Debug|Any CPU.ActiveCfg = Debug|x64
		{4FAD3D26-069E-4FA7-9729-A9783C87DA0B}.Debug|x64.ActiveCfg = Debug|x64
		{4FAD3D26-069E-4FA7-9729-A9783C87DA0B}.Debug|x64.Build.0 = Debug|x64
		{4FAD3D26-069E-4FA7-9729-A9783C87DA0B}.Debug|x86.ActiveCfg = Debug|x64
		{4FAD3D26-069E-4FA7-9729-A9783C87DA0B}.Release|Any CPU.ActiveCfg = Release|x64
		{4FAD3D26-069E-4FA7-9729-A9783C87DA0B}.Release|x64.ActiveCfg = Release|x64
		{4FAD3D26-069E-4FA7-9729-A9783C87DA0B}.Release|x64.Build.0 = Release|x64
		{4FAD3D26-069E-4FA7-9729-A9783C87DA0B}.Release|x86.ActiveCfg = Release|x64
		{4FAD3D26-069E-4FA7-9729-A9783C87DA0B}.Remote|Any CPU.ActiveCfg = Remote|x64
		{4FAD3D26-069E-4FA7-9729-A9783C87DA0B}.Remote|x64.ActiveCfg = Remote|x64
		{4FAD3D26-069E-4FA7-9729-A9783C87DA0B}.Remote|x64.Build.0 = Remote|x64
		{4FAD3D26-069E-4FA7-9729-A9783C87DA0B}.Remote|x86.ActiveCfg = Remote|x64
		{851FB6FA-7740-44B8-9ED1-AD92058B5F68}.Debug|Any CPU.ActiveCfg = Debug|x64
		{851FB6FA-7740-44B8-9ED1-AD92058B5F68}.Debug|x64.ActiveCfg = Debug|x64
		{851FB6FA-7740-44B8-9ED1-AD92058B5F68}.Debug|x64.Build.0 = Debug|x64
		{851FB6FA-7740-44B8-9ED1-AD92058B5F68}.Debug|x86.ActiveCfg = Debug|x64
		{851FB6FA-7740-44B8-9ED1-AD92058B5F68}.Release|Any CPU.ActiveCfg = Release|x64
		{851FB6FA-7740-44B8-9ED1-AD92058B5F68}.Release|x64.ActiveCfg = Release|x64
		{851FB6FA-7740-44B8-9ED1-AD92058B5F68}.Release|x64.Build.0 = Release|x64
		{851FB6FA-7740-44B8-9ED1-AD92058B5F68}.Release|x86.ActiveCfg = Release|x64
		{851FB6FA-7740-44B8-9ED1-AD92058B5F68}.Remote|Any CPU.ActiveCfg = Remote|x64
		{851FB6FA-7740-44B8-9ED1-AD92058B5F68}.Remote|x64.ActiveCfg = Remote|x64
		{851FB6FA-7740-44B8-9ED1-AD92058B5F68}.Remote|x64.Build.0 = Remote|x64
		{851FB6FA-7740-44B8-9ED1-AD92058B5F68}.Remote|x86.ActiveCfg = Remote|x64
		{D4E91BA9-A568-4EC8-93DC-FD14A012026B}.Debug|Any CPU.ActiveCfg = Debug|x64
		{D4E91BA9-A568-4EC8-93DC-FD14A012026B}.Debug|x64.ActiveCfg = Debug|x64
		{D4E91BA9-A568-4EC8-93DC-FD14A012026B}.Debug|x64.Build.0 = Debug|x64
		{D4E91BA9-A568-4EC8-93DC-FD14A012026B}.Debug|x86.ActiveCfg = Debug|x64
		{D4E91BA9-A568-4EC8-93DC-FD14A012026B}.Release|Any CPU.ActiveCfg = Release|x64
		{D4E91BA9-A568-4EC8-93DC-FD14A012026B}.Release|x64.ActiveCfg = Release|x64
		{D4E91BA9-A568-4EC8-93DC-FD14A012026B}.Release|x64.Build.0 = Release|x64
		{D4E91BA9-A568-4EC8-93DC-FD14A012026B}.Release|x86.ActiveCfg = Release|x64
		{D4E91BA9-A568-4EC8-93DC-FD14A012026B}.Remote|Any CPU.ActiveCfg = Remote|x64
		{D4E91BA9-A568-4EC8-93DC-FD14A012026B}.Remote|x64.ActiveCfg = Remote|x64
		{D4E91BA9-A568-4EC8-93DC-FD14A012026B}.Remote|x64.Build.0 = Remote|x64
		{D4E91BA9-A568-4EC8-93DC-FD14A012026B}.Remote|x86.ActiveCfg = Remote|x64
		{31D44018-B406-4AB2-9E29-6A301D72C752}.Debug|Any CPU.ActiveCfg = Debug|x64
		{31D44018-B406-4AB2-9E29-6A301D72C752}.Debug|x64.ActiveCfg = Debug|x64
		{31D44018-B406-4AB2-9E29-6A301D72C752}.Debug|x64.Build.0 = Debug|x64
		{31D44018-B406-4AB2-9E29-6A301D72C752}.Debug|x86.ActiveCfg = Debug|x64
		{31D44018-B406-4AB2-9E29-6A301D72C752}.Release|Any CPU.ActiveCfg = Release|x64
		{31D44018-B406-4AB2-9E29-6A301D72C752}.Release|x64.ActiveCfg = Release|x64
		{31D44018-B406-4AB2-9E29-6A301D72C752}.Release|x64.Build.0 = Release|x64
		{31D44018-B406-4AB2-9E29-6A301D72C752}.Release|x86.ActiveCfg = Release|x64
		{31D44018-B406-4AB2-9E29-6A301D72C752}.Remote|Any CPU.ActiveCfg = Remote|x64
		{31D44018-B406-4AB2-9E29-6A301D72C752}.Remote|x64.ActiveCfg = Remote|x64
		{31D44018-B406-4AB2-9E29-6A301D72C752}.Remote|x64.Build.0 = Remote|x64
		{31D44018-B406-4AB2-9E29-6A301D72C752}.Remote|x86.ActiveCfg = Remote|x64
		{D27E7D32-E086-4CA1-A1C4-61F2CFC96E99}.Debug|Any CPU.ActiveCfg = Debug|x64
		{D27E7D32-E086-4CA1-A1C4-61F2CFC96E99}.Debug|x64.ActiveCfg = Debug|x64
		{D27E7D32-E086-4CA1-A1C4-61F2CFC96E99}.Debug|x64.Build.0 = Debug|x64
		{D27E7D32-E086-4CA1-A1C4-61F2CFC96E99}.Debug|x86.ActiveCfg = Debug|x64
		{D27E7D32-E086-4CA1-A1C4-61F2CFC96E99}.Release|Any CPU.ActiveCfg = Release|x64
		{D27E7D32-E086-4CA1-A1C4-61F2CFC96E99}.Release|x64.ActiveCfg = Release|x64
		{D27E7D32-E086-4CA1-A1C4-61F2CFC96E99}.Release|x64.Build.0 = Release|x64
		{D27E7D32-E086-4CA1-A1C4-61F2CFC96E99}.Release|x86.ActiveCfg = Release|x64
		{D27E7D32-E086-4CA1-A1C4-61F2CFC96E99}.Remote|Any CPU.ActiveCfg = Remote|x64
		{D27E7D32-E086-4CA1-A1C4-61F2CFC96E99}.Remote|x64.ActiveCfg = Remote|x64
		{D27E7D32-E086-4CA1-A1C4-61F2CFC96E99}.Remote|x64.Build.0 = Remote|x64
		{D27E7D32-E086-4CA1-A1C4-61F2CFC96E99}.Remote|x86.ActiveCfg = Remote|x64
		{9814CB2F-F8F1-40B3-9F77-56D7C92994FB}.Debug|Any CPU.ActiveCfg = Debug|x64
		{9814CB2F-F8F1-40B3-9F77-56D7C92994FB}.Debug|x64.ActiveCfg = Debug|x64
		{9814CB2F-F8F1-40B3-9F77-56D7C92994FB}.Debug|x64.Build.0 = Debug|x64
		{9814CB2F-F8F1-40B3-9F77-56D7C92994FB}.Debug|x86.ActiveCfg = Debug|x64
		{9814CB2F-F8F1-40B3-9F77-56D7C92994FB}.Release|Any CPU.ActiveCfg = Release|x64
		{9814CB2F-F8F1-40B3-9F77-56D7C92994FB}.Release|x64.ActiveCfg = Release|x64
		{9814CB2F-F8F1-40B3-9F77-56D7C92994FB}.Release|x64.Build.0 = Release|x64
		{9814CB2F-F8F1-40B3-9F77-56D7C92994FB}.Release|x86.ActiveCfg = Release|x64
		{9814CB2F-F8F1-40B3-9F77-56D7C92994FB}.Remote|Any CPU.ActiveCfg = Remote|x64
		{9814CB2F-F8F1-40B3-9F77-56D7C92994FB}.Remote|x64.ActiveCfg = Remote|x64
		{9814CB2F-F8F1-40B3-9F77-56D7C92994FB}.Remote|x64.Build.0 = Remote|x64
		{9814CB2F-F8F1-40B3-9F77-56D7C92994FB}.Remote|x86.ActiveCfg = Remote|x64
		{E71833D5-90EF-476C-9EF0-A54ECCA8F89B}.Debug|Any CPU.ActiveCfg = Debug|x64
		{E71833D5-90EF-476C-9EF0-A54ECCA8F89B}.Debug|x64.ActiveCfg = Debug|x64
		{E71833D5-90EF-476C-9EF0-A54ECCA8F89B}.Debug|x64.Build.0 = Debug|x64
		{E71833D5-90EF-476C-9EF0-A54ECCA8F89B}.Debug|x86.ActiveCfg = Debug|x64
		{E71833D5-90EF-476C-9EF0-A54ECCA8F89B}.Release|Any CPU.ActiveCfg = Release|x64
		{E71833D5-90EF-476C-9EF0-A54ECCA8F89B}.Release|x64.ActiveCfg = Release|x64
		{E71833D5-90EF-476C-9EF0-A54ECCA8F89B}.Release|x64.Build.0 = Release|x64
		{E71833D5-90EF-476C-9EF0-A54ECCA8F89B}.Release|x86.ActiveCfg = Release|x64
		{E71833D5-90EF-476C-9EF0-A54ECCA8F89B}.Remote|Any CPU.ActiveCfg = Remote|x64
		{E71833D5-90EF-476C-9EF0-A54ECCA8F89B}.Remote|x64.ActiveCfg = Remote|x64
		{E71833D5-90EF-476C-9EF0-A54ECCA8F89B}.Remote|x64.Build.0 = Remote|x64
		{E71833D5-90EF-476C-9EF0-A54ECCA8F89B}.Remote|x86.ActiveCfg = Remote|x64
		{BA55C84C-C99C-45CF-BAE5-313111435EF2}.Debug|Any CPU.ActiveCfg = Debug|x64
		{BA55C84C-C99C-45CF-BAE5-313111435EF2}.Debug|x64.ActiveCfg = Debug|x64
		{BA55C84C-C99C-45CF-BAE5-313111435EF2}.Debug|x64.Build.0 = Debug|x64
		{BA55C84C-C99C-45CF-BAE5-313111435EF2}.Debug|x86.ActiveCfg = Debug|x64
		{BA55C84C-C99C-45CF-BAE5-313111435EF2}.Release|Any CPU.ActiveCfg = Release|x64
		{BA55C84C-C99C-45CF-BAE5-313111435EF2}.Release|x64.ActiveCfg = Release|x64
		{BA55C84C-C99C-45CF-BAE5-313111435EF2}.Release|x64.Build.0 = Release|x64
		{BA55C84C-C99C-45CF-BAE5-313111435EF2}.Release|x86.ActiveCfg = Release|x64
		{BA55C84C-C99C-45CF-BAE5-313111435EF2}.Remote|Any CPU.ActiveCfg = Remote|x64
		{BA55C84C-C99C-45CF-BAE5-313111435EF2}.Remote|x64.ActiveCfg = Remote|x64
		{BA55C84C-C99C-45CF-BAE5-313111435EF2}.Remote|x64.Build.0 = Remote|x64
		{BA55C84C-C99C-45CF-BAE5-313111435EF2}.Remote|x86.ActiveCfg = Remote|x64
		{958FF4A0-9B33-4D1A-9F6B-778EE0404E29}.Debug|Any CPU.ActiveCfg = Debug|x64
		{958FF4A0-9B33-4D1A-9F6B-778EE0404E29}.Debug|x64.ActiveCfg = Debug|x64
		{958FF4A0-9B33-4D1A-9F6B-778EE0404E29}.Debug|x64.Build.0 = Debug|x64
		{958FF4A0-9B33-4D1A-9F6B-778EE0404E29}.Debug|x86.ActiveCfg = Debug|x64
		{958FF4A0-9B33-4D1A-9F6B-778EE0404E29}.Release|Any CPU.ActiveCfg = Release|x64
		{958FF4A0-9B33-4D1A-9F6B-778EE0404E29}.Release|x64.ActiveCfg = Release|x64
		{958FF4A0-9B33-4D1A-9F6B-778EE0404E29}.Release|x64.Build.0 = Release|x64
		{958FF4A0-9B33-4D1A-9F6B-778EE0404E29}.Release|x86.ActiveCfg = Release|x64
		{958FF4A0-9B33-4D1A-9F6B-778EE0404E29}.Remote|Any CPU.ActiveCfg = Remote|x64
		{958FF4A0-9B33-4D1A-9F6B-778EE0404E29}.Remote|x64.ActiveCfg = Remote|x64
		{958FF4A0-9B33-4D1A-9F6B-778EE0404E29}.Remote|x64.Build.0 = Remote|x64
		{958FF4A0-9B33-4D1A-9F6B-778EE0404E29}.Remote|x86.ActiveCfg = Remote|x64
		{A35BDC68-90FE-4235-AB8E-22909A342DDD}.Debug|Any CPU.ActiveCfg = Debug|x64
		{A35BDC68-90FE-4235-AB8E-22909A342DDD}.Debug|x64.ActiveCfg = Debug|x64
		{A35BDC68-90FE-4235-AB8E-22909A342DDD}.Debug|x64.Build.0 = Debug|x64
		{A35BDC68-90FE-4235-AB8E-22909A342DDD}.Debug|x86.ActiveCfg = Debug|x64
		{A35BDC68-90FE-4235-AB8E-22909A342DDD}.Release|Any CPU.ActiveCfg = Release|x64
		{A35BDC68-90FE-4235-AB8E-22909A342DDD}.Release|x64.ActiveCfg = Release|x64
		{A35BDC68-90FE-4235-AB8E-22909A342DDD}.Release|x64.Build.0 = Release|x64
		{A35BDC68-90FE-4235-AB8E-22909A342DDD}.Release|x86.ActiveCfg = Release|x64
		{A35BDC68-90FE-4235-AB8E-22909A342DDD}.Remote|Any CPU.ActiveCfg = Remote|x64
		{A35BDC68-90FE-4235-AB8E-22909A342DDD}.Remote|x64.ActiveCfg = Remote|x64
		{A35BDC68-90FE-4235-AB8E-22909A342DDD}.Remote|x64.Build.0 = Remote|x64
		{A35BDC68-90FE-4235-AB8E-22909A342DDD}.Remote|x86.ActiveCfg = Remote|x64
		{780A8AEB-BF39-4A8F-9E61-C7FC4F0C360C}.Debug|Any CPU.ActiveCfg = Debug|x64
		{780A8AEB-BF39-4A8F-9E61-C7FC4F0C360C}.Debug|x64.ActiveCfg = Debug|x64
		{780A8AEB-BF39-4A8F-9E61-C7FC4F0C360C}.Debug|x64.Build.0 = Debug|x64
		{780A8AEB-BF39-4A8F-9E61-C7FC4F0C360C}.Debug|x86.ActiveCfg = Debug|x64
		{780A8AEB-BF39-4A8F-9E61-C7FC4F0C360C}.Release|Any CPU.ActiveCfg = Release|x64
		{780A8AEB-BF39-4A8F-9E61-C7FC4F0C360C}.Release|x64.ActiveCfg = Release|x64
		{780A8AEB-BF39-4A8F-9E61-C7FC4F0C360C}.Release|x64.Build.0 = Release|x64
		{780A8AEB-BF39-4A8F-9E61-C7FC4F0C360C}.Release|x86.ActiveCfg = Release|x64
		{780A8AEB-BF39-4A8F-9E61-C7FC4F0C360C}.Remote|Any CPU.ActiveCfg = Remote|x64
		{780A8AEB-BF39-4A8F-9E61-C7FC4F0C360C}.Remote|x64.ActiveCfg = Remote|x64
		{780A8AEB-BF39-4A8F-9E61-C7FC4F0C360C}.Remote|x64.Build.0 = Remote|x64
		{780A8AEB-BF39-4A8F-9E61-C7FC4F0C360C}.Remote|x86.ActiveCfg = Remote|x64
		{F862D675-0839-4DFE-8331-632D7D93FD2B}.Debug|Any CPU.ActiveCfg = Debug|x64
		{F862D675-0839-4DFE-8331-632D7D93FD2B}.Debug|x64.ActiveCfg = Debug|x64
		{F862D675-0839-4DFE-8331-632D7D93FD2B}.Debug|x64.Build.0 = Debug|x64
		{F862D675-0839-4DFE-8331-632D7D93FD2B}.Debug|x86.ActiveCfg = Debug|x64
		{F862D675-0839-4DFE-8331-632D7D93FD2B}.Release|Any CPU.ActiveCfg = Release|x64
		{F862D675-0839-4DFE-8331-632D7D93FD2B}.Release|x64.ActiveCfg = Release|x64
		{F862D675-0839-4DFE-8331-632D7D93FD2B}.Release|x64.Build.0 = Release|x64
		{F862D675-0839-4DFE-8331-632D7D93FD2B}.Release|x86.ActiveCfg = Release|x64
		{F862D675-0839-4DFE-8331-632D7D93FD2B}.Remote|Any CPU.ActiveCfg = Remote|x64
		{F862D675-0839-4DFE-8331-632D7D93FD2B}.Remote|x64.ActiveCfg = Remote|x64
		{F862D675-0839-4DFE-8331-632D7D93FD2B}.Remote|x64.Build.0 = Remote|x64
		{F862D675-0839-4DFE-8331-632D7D93FD2B}.Remote|x86.ActiveCfg = Remote|x64
		{EDB385ED-F65B-4A17-B01C-FFC45F87F395}.Debug|Any CPU.ActiveCfg = Debug|x64
		{EDB385ED-F65B-4A17-B01C-FFC45F87F395}.Debug|x64.ActiveCfg = Debug|x64
		{EDB385ED-F65B-4A17-B01C-FFC45F87F395}.Debug|x64.Build.0 = Debug|x64
		{EDB385ED-F65B-4A17-B01C-FFC45F87F395}.Debug|x86.ActiveCfg = Debug|x64
		{EDB385ED-F65B-4A17-B01C-FFC45F87F395}.Release|Any CPU.ActiveCfg = Release|x64
		{EDB385ED-F65B-4A17-B01C-FFC45F87F395}.Release|x64.ActiveCfg = Release|x64
		{EDB385ED-F65B-4A17-B01C-FFC45F87F395}.Release|x64.Build.0 = Release|x64
		{EDB385ED-F65B-4A17-B01C-FFC45F87F395}.Release|x86.ActiveCfg = Release|x64
		{EDB385ED-F65B-4A17-B01C-FFC45F87F395}.Remote|Any CPU.ActiveCfg = Remote|x64
		{EDB385ED-F65B-4A17-B01C-FFC45F87F395}.Remote|x64.ActiveCfg = Remote|x64
		{EDB385ED-F65B-4A17-B01C-FFC45F87F395}.Remote|x64.Build.0 = Remote|x64
		{EDB385ED-F65B-4A17-B01C-FFC45F87F395}.Remote|x86.ActiveCfg = Remote|x64
		{B647AA2B-5321-4F97-8AA4-6D3EB4BBBB6F}.Debug|Any CPU.ActiveCfg = Debug|x64
		{B647AA2B-5321-4F97-8AA4-6D3EB4BBBB6F}.Debug|x64.ActiveCfg = Debug|x64
		{B647AA2B-5321-4F97-8AA4-6D3EB4BBBB6F}.Debug|x64.Build.0 = Debug|x64
		{B647AA2B-5321-4F97-8AA4-6D3EB4BBBB6F}.Debug|x86.ActiveCfg = Debug|x64
		{B647AA2B-5321-4F97-8AA4-6D3EB4BBBB6F}.Release|Any CPU.ActiveCfg = Release|x64
		{B647AA2B-5321-4F97-8AA4-6D3EB4BBBB6F}.Release|x64.ActiveCfg = Release|x64
		{B647AA2B-5321-4F97-8AA4-6D3EB4BBBB6F}.Release|x64.Build.0 = Release|x64
		{B647AA2B-5321-4F97-8AA4-6D3EB4BBBB6F}.Release|x86.ActiveCfg = Release|x64
		{B647AA2B-5321-4F97-8AA4-6D3EB4BBBB6F}.Remote|Any CPU.ActiveCfg = Remote|x64
		{B647AA2B-5321-4F97-8AA4-6D3EB4BBBB6F}.Remote|x64.ActiveCfg = Remote|x64
		{B647AA2B-5321-4F97-8AA4-6D3EB4BBBB6F}.Remote|x64.Build.0 = Remote|x64
		{B647AA2B-5321-4F97-8AA4-6D3EB4BBBB6F}.Remote|x86.ActiveCfg = Remote|x64
		{7343E094-7498-4127-B5BF-690199A9BE97}.Debug|Any CPU.ActiveCfg = Debug|x64
		{7343E094-7498-4127-B5BF-690199A9BE97}.Debug|x64.ActiveCfg = Debug|x64
		{7343E094-7498-4127-B5BF-690199A9BE97}.Debug|x64.Build.0 = Debug|x64
		{7343E094-7498-4127-B5BF-690199A9BE97}.Debug|x86.ActiveCfg = Debug|x64
		{7343E094-7498-4127-B5BF-690199A9BE97}.Release|Any CPU.ActiveCfg = Release|x64
		{7343E094-7498-4127-B5BF-690199A9BE97}.Release|x64.ActiveCfg = Release|x64
		{7343E094-7498-4127-B5BF-690199A9BE97}.Release|x64.Build.0 = Release|x64
		{7343E094-7498-4127-B5BF-690199A9BE97}.Release|x86.ActiveCfg = Release|x64
		{7343E094-7498-4127-B5BF-690199A9BE97}.Remote|Any CPU.ActiveCfg = Remote|x64
		{7343E094-7498-4127-B5BF-690199A9BE97}.Remote|x64.ActiveCfg = Remote|x64
		{7343E094-7498-4127-B5BF-690199A9BE97}.Remote|x64.Build.0 = Remote|x64
		{7343E094-7498-4127-B5BF-690199A9BE97}.Remote|x86.ActiveCfg = Remote|x64
		{01AED387-A6F4-4533-931F-E2586C7D7D7A}.Debug|Any CPU.ActiveCfg = Debug|x64
		{01AED387-A6F4-4533-931F-E2586C7D7D7A}.Debug|x64.ActiveCfg = Debug|x64
		{01AED387-A6F4-4533-931F-E2586C7D7D7A}.Debug|x64.Build.0 = Debug|x64
		{01AED387-A6F4-4533-931F-E2586C7D7D7A}.Debug|x86.ActiveCfg = Debug|x64
		{01AED387-A6F4-4533-931F-E2586C7D7D7A}.Release|Any CPU.ActiveCfg = Release|x64
		{01AED387-A6F4-4533-931F-E2586C7D7D7A}.Release|x64.ActiveCfg = Release|x64
		{01AED387-A6F4-4533-931F-E2586C7D7D7A}.Release|x64.Build.0 = Release|x64
		{01AED387-A6F4-4533-931F-E2586C7D7D7A}.Release|x86.ActiveCfg = Release|x64
		{01AED387-A6F4-4533-931F-E2586C7D7D7A}.Remote|Any CPU.ActiveCfg = Remote|x64
		{01AED387-A6F4-4533-931F-E2586C7D7D7A}.Remote|x64.ActiveCfg = Remote|x64
		{01AED387-A6F4-4533-931F-E2586C7D7D7A}.Remote|x64.Build.0 = Remote|x64
		{01AED387-A6F4-4533-931F-E2586C7D7D7A}.Remote|x86.ActiveCfg = Remote|x64
		{33E74ECA-65BE-4B02-83B1-4920BC5E2377}.Debug|Any CPU.ActiveCfg = Debug|x64
		{33E74ECA-65BE-4B02-83B1-4920BC5E2377}.Debug|x64.ActiveCfg = Debug|x64
		{33E74ECA-65BE-4B02-83B1-4920BC5E2377}.Debug|x64.Build.0 = Debug|x64
		{33E74ECA-65BE-4B02-83B1-4920BC5E2377}.Debug|x86.ActiveCfg = Debug|x64
		{33E74ECA-65BE-4B02-83B1-4920BC5E2377}.Release|Any CPU.ActiveCfg = Release|x64
		{33E74ECA-65BE-4B02-83B1-4920BC5E2377}.Release|x64.ActiveCfg = Release|x64
		{33E74ECA-65BE-4B02-83B1-4920BC5E2377}.Release|x64.Build.0 = Release|x64
		{33E74ECA-65BE-4B02-83B1-4920BC5E2377}.Release|x86.ActiveCfg = Release|x64
		{33E74ECA-65BE-4B02-83B1-4920BC5E2377}.Remote|Any CPU.ActiveCfg = Remote|x64
		{33E74ECA-65BE-4B02-83B1-4920BC5E2377}.Remote|x64.ActiveCfg = Remote|x64
		{33E74ECA-65BE-4B02-83B1-4920BC5E2377}.Remote|x64.Build.0 = Remote|x64
		{33E74ECA-65BE-4B02-83B1-4920BC5E2377}.Remote|x86.ActiveCfg = Remote|x64
		{C790B7E6-FF8A-4A33-B05D-80611D47DDEC}.Debug|Any CPU.ActiveCfg = Debug|Any CPU
		{C790B7E6-FF8A-4A33-B05D-80611D47DDEC}.Debug|Any CPU.Build.0 = Debug|Any CPU
		{C790B7E6-FF8A-4A33-B05D-80611D47DDEC}.Debug|x64.ActiveCfg = Debug|x64
		{C790B7E6-FF8A-4A33-B05D-80611D47DDEC}.Debug|x64.Build.0 = Debug|x64
		{C790B7E6-FF8A-4A33-B05D-80611D47DDEC}.Debug|x86.ActiveCfg = Debug|x64
		{C790B7E6-FF8A-4A33-B05D-80611D47DDEC}.Debug|x86.Build.0 = Debug|x64
		{C790B7E6-FF8A-4A33-B05D-80611D47DDEC}.Release|Any CPU.ActiveCfg = Release|Any CPU
		{C790B7E6-FF8A-4A33-B05D-80611D47DDEC}.Release|Any CPU.Build.0 = Release|Any CPU
		{C790B7E6-FF8A-4A33-B05D-80611D47DDEC}.Release|x64.ActiveCfg = Release|x64
		{C790B7E6-FF8A-4A33-B05D-80611D47DDEC}.Release|x64.Build.0 = Release|x64
		{C790B7E6-FF8A-4A33-B05D-80611D47DDEC}.Release|x86.ActiveCfg = Release|x86
		{C790B7E6-FF8A-4A33-B05D-80611D47DDEC}.Release|x86.Build.0 = Release|x86
		{C790B7E6-FF8A-4A33-B05D-80611D47DDEC}.Remote|Any CPU.ActiveCfg = Remote|Any CPU
		{C790B7E6-FF8A-4A33-B05D-80611D47DDEC}.Remote|Any CPU.Build.0 = Remote|Any CPU
		{C790B7E6-FF8A-4A33-B05D-80611D47DDEC}.Remote|x64.ActiveCfg = Remote|x86
		{C790B7E6-FF8A-4A33-B05D-80611D47DDEC}.Remote|x64.Build.0 = Remote|x86
		{C790B7E6-FF8A-4A33-B05D-80611D47DDEC}.Remote|x86.ActiveCfg = Remote|x86
		{C790B7E6-FF8A-4A33-B05D-80611D47DDEC}.Remote|x86.Build.0 = Remote|x86
		{576A1A0E-E31B-4BB1-BAB6-988DB24AC9B6}.Debug|Any CPU.ActiveCfg = Debug|x64
		{576A1A0E-E31B-4BB1-BAB6-988DB24AC9B6}.Debug|x64.ActiveCfg = Debug|x64
		{576A1A0E-E31B-4BB1-BAB6-988DB24AC9B6}.Debug|x64.Build.0 = Debug|x64
		{576A1A0E-E31B-4BB1-BAB6-988DB24AC9B6}.Debug|x86.ActiveCfg = Debug|x64
		{576A1A0E-E31B-4BB1-BAB6-988DB24AC9B6}.Release|Any CPU.ActiveCfg = Release|x64
		{576A1A0E-E31B-4BB1-BAB6-988DB24AC9B6}.Release|x64.ActiveCfg = Release|x64
		{576A1A0E-E31B-4BB1-BAB6-988DB24AC9B6}.Release|x64.Build.0 = Release|x64
		{576A1A0E-E31B-4BB1-BAB6-988DB24AC9B6}.Release|x86.ActiveCfg = Release|x64
		{576A1A0E-E31B-4BB1-BAB6-988DB24AC9B6}.Remote|Any CPU.ActiveCfg = Remote|x64
		{576A1A0E-E31B-4BB1-BAB6-988DB24AC9B6}.Remote|x64.ActiveCfg = Remote|x64
		{576A1A0E-E31B-4BB1-BAB6-988DB24AC9B6}.Remote|x64.Build.0 = Remote|x64
		{576A1A0E-E31B-4BB1-BAB6-988DB24AC9B6}.Remote|x86.ActiveCfg = Remote|x64
		{928F1530-124F-4360-9533-EF475FE9E089}.Debug|Any CPU.ActiveCfg = Debug|x64
		{928F1530-124F-4360-9533-EF475FE9E089}.Debug|x64.ActiveCfg = Debug|x64
		{928F1530-124F-4360-9533-EF475FE9E089}.Debug|x64.Build.0 = Debug|x64
		{928F1530-124F-4360-9533-EF475FE9E089}.Debug|x86.ActiveCfg = Debug|x64
		{928F1530-124F-4360-9533-EF475FE9E089}.Release|Any CPU.ActiveCfg = Release|x64
		{928F1530-124F-4360-9533-EF475FE9E089}.Release|x64.ActiveCfg = Release|x64
		{928F1530-124F-4360-9533-EF475FE9E089}.Release|x64.Build.0 = Release|x64
		{928F1530-124F-4360-9533-EF475FE9E089}.Release|x86.ActiveCfg = Release|x64
		{928F1530-124F-4360-9533-EF475FE9E089}.Remote|Any CPU.ActiveCfg = Remote|x64
		{928F1530-124F-4360-9533-EF475FE9E089}.Remote|x64.ActiveCfg = Remote|x64
		{928F1530-124F-4360-9533-EF475FE9E089}.Remote|x64.Build.0 = Remote|x64
		{928F1530-124F-4360-9533-EF475FE9E089}.Remote|x86.ActiveCfg = Remote|x64
		{37A79BE6-430A-4B30-BA84-FDFF760DF270}.Debug|Any CPU.ActiveCfg = Debug|x64
		{37A79BE6-430A-4B30-BA84-FDFF760DF270}.Debug|x64.ActiveCfg = Debug|x64
		{37A79BE6-430A-4B30-BA84-FDFF760DF270}.Debug|x64.Build.0 = Debug|x64
		{37A79BE6-430A-4B30-BA84-FDFF760DF270}.Debug|x86.ActiveCfg = Debug|x64
		{37A79BE6-430A-4B30-BA84-FDFF760DF270}.Release|Any CPU.ActiveCfg = Release|x64
		{37A79BE6-430A-4B30-BA84-FDFF760DF270}.Release|x64.ActiveCfg = Release|x64
		{37A79BE6-430A-4B30-BA84-FDFF760DF270}.Release|x64.Build.0 = Release|x64
		{37A79BE6-430A-4B30-BA84-FDFF760DF270}.Release|x86.ActiveCfg = Release|x64
		{37A79BE6-430A-4B30-BA84-FDFF760DF270}.Remote|Any CPU.ActiveCfg = Remote|x64
		{37A79BE6-430A-4B30-BA84-FDFF760DF270}.Remote|x64.ActiveCfg = Remote|x64
		{37A79BE6-430A-4B30-BA84-FDFF760DF270}.Remote|x64.Build.0 = Remote|x64
		{37A79BE6-430A-4B30-BA84-FDFF760DF270}.Remote|x86.ActiveCfg = Remote|x64
		{84164C6C-05B7-4A41-BC3D-E0AA9D556547}.Debug|Any CPU.ActiveCfg = Debug|x64
		{84164C6C-05B7-4A41-BC3D-E0AA9D556547}.Debug|x64.ActiveCfg = Debug|x64
		{84164C6C-05B7-4A41-BC3D-E0AA9D556547}.Debug|x64.Build.0 = Debug|x64
		{84164C6C-05B7-4A41-BC3D-E0AA9D556547}.Debug|x86.ActiveCfg = Debug|x64
		{84164C6C-05B7-4A41-BC3D-E0AA9D556547}.Release|Any CPU.ActiveCfg = Release|x64
		{84164C6C-05B7-4A41-BC3D-E0AA9D556547}.Release|x64.ActiveCfg = Release|x64
		{84164C6C-05B7-4A41-BC3D-E0AA9D556547}.Release|x64.Build.0 = Release|x64
		{84164C6C-05B7-4A41-BC3D-E0AA9D556547}.Release|x86.ActiveCfg = Release|x64
		{84164C6C-05B7-4A41-BC3D-E0AA9D556547}.Remote|Any CPU.ActiveCfg = Remote|x64
		{84164C6C-05B7-4A41-BC3D-E0AA9D556547}.Remote|x64.ActiveCfg = Remote|x64
		{84164C6C-05B7-4A41-BC3D-E0AA9D556547}.Remote|x64.Build.0 = Remote|x64
		{84164C6C-05B7-4A41-BC3D-E0AA9D556547}.Remote|x86.ActiveCfg = Remote|x64
		{C0D1BFE9-46D9-4C57-8618-71C28BBBD6E7}.Debug|Any CPU.ActiveCfg = Debug|x64
		{C0D1BFE9-46D9-4C57-8618-71C28BBBD6E7}.Debug|x64.ActiveCfg = Debug|x64
		{C0D1BFE9-46D9-4C57-8618-71C28BBBD6E7}.Debug|x64.Build.0 = Debug|x64
		{C0D1BFE9-46D9-4C57-8618-71C28BBBD6E7}.Debug|x86.ActiveCfg = Debug|x64
		{C0D1BFE9-46D9-4C57-8618-71C28BBBD6E7}.Release|Any CPU.ActiveCfg = Release|x64
		{C0D1BFE9-46D9-4C57-8618-71C28BBBD6E7}.Release|x64.ActiveCfg = Release|x64
		{C0D1BFE9-46D9-4C57-8618-71C28BBBD6E7}.Release|x64.Build.0 = Release|x64
		{C0D1BFE9-46D9-4C57-8618-71C28BBBD6E7}.Release|x86.ActiveCfg = Release|x64
		{C0D1BFE9-46D9-4C57-8618-71C28BBBD6E7}.Remote|Any CPU.ActiveCfg = Remote|x64
		{C0D1BFE9-46D9-4C57-8618-71C28BBBD6E7}.Remote|x64.ActiveCfg = Remote|x64
		{C0D1BFE9-46D9-4C57-8618-71C28BBBD6E7}.Remote|x64.Build.0 = Remote|x64
		{C0D1BFE9-46D9-4C57-8618-71C28BBBD6E7}.Remote|x86.ActiveCfg = Remote|x64
		{16528750-631B-444F-8B2E-2BDC2847157F}.Debug|Any CPU.ActiveCfg = Debug|x64
		{16528750-631B-444F-8B2E-2BDC2847157F}.Debug|x64.ActiveCfg = Debug|x64
		{16528750-631B-444F-8B2E-2BDC2847157F}.Debug|x64.Build.0 = Debug|x64
		{16528750-631B-444F-8B2E-2BDC2847157F}.Debug|x86.ActiveCfg = Debug|x64
		{16528750-631B-444F-8B2E-2BDC2847157F}.Release|Any CPU.ActiveCfg = Release|x64
		{16528750-631B-444F-8B2E-2BDC2847157F}.Release|x64.ActiveCfg = Release|x64
		{16528750-631B-444F-8B2E-2BDC2847157F}.Release|x64.Build.0 = Release|x64
		{16528750-631B-444F-8B2E-2BDC2847157F}.Release|x86.ActiveCfg = Release|x64
		{16528750-631B-444F-8B2E-2BDC2847157F}.Remote|Any CPU.ActiveCfg = Remote|x64
		{16528750-631B-444F-8B2E-2BDC2847157F}.Remote|x64.ActiveCfg = Remote|x64
		{16528750-631B-444F-8B2E-2BDC2847157F}.Remote|x64.Build.0 = Remote|x64
		{16528750-631B-444F-8B2E-2BDC2847157F}.Remote|x86.ActiveCfg = Remote|x64
		{0DA5D240-2E0A-48F5-9826-BC72B4BDDB47}.Debug|Any CPU.ActiveCfg = Debug|x64
		{0DA5D240-2E0A-48F5-9826-BC72B4BDDB47}.Debug|x64.ActiveCfg = Debug|x64
		{0DA5D240-2E0A-48F5-9826-BC72B4BDDB47}.Debug|x64.Build.0 = Debug|x64
		{0DA5D240-2E0A-48F5-9826-BC72B4BDDB47}.Debug|x86.ActiveCfg = Debug|x64
		{0DA5D240-2E0A-48F5-9826-BC72B4BDDB47}.Release|Any CPU.ActiveCfg = Release|x64
		{0DA5D240-2E0A-48F5-9826-BC72B4BDDB47}.Release|x64.ActiveCfg = Release|x64
		{0DA5D240-2E0A-48F5-9826-BC72B4BDDB47}.Release|x64.Build.0 = Release|x64
		{0DA5D240-2E0A-48F5-9826-BC72B4BDDB47}.Release|x86.ActiveCfg = Release|x64
		{0DA5D240-2E0A-48F5-9826-BC72B4BDDB47}.Remote|Any CPU.ActiveCfg = Release|x64
		{0DA5D240-2E0A-48F5-9826-BC72B4BDDB47}.Remote|Any CPU.Build.0 = Release|x64
		{0DA5D240-2E0A-48F5-9826-BC72B4BDDB47}.Remote|x64.ActiveCfg = Release|x64
		{0DA5D240-2E0A-48F5-9826-BC72B4BDDB47}.Remote|x64.Build.0 = Release|x64
		{0DA5D240-2E0A-48F5-9826-BC72B4BDDB47}.Remote|x86.ActiveCfg = Release|x64
		{0DA5D240-2E0A-48F5-9826-BC72B4BDDB47}.Remote|x86.Build.0 = Release|x64
		{4E540BE5-65F2-4CD0-8AA8-81CFCB53BA75}.Debug|Any CPU.ActiveCfg = Debug|x64
		{4E540BE5-65F2-4CD0-8AA8-81CFCB53BA75}.Debug|x64.ActiveCfg = Debug|x64
		{4E540BE5-65F2-4CD0-8AA8-81CFCB53BA75}.Debug|x64.Build.0 = Debug|x64
		{4E540BE5-65F2-4CD0-8AA8-81CFCB53BA75}.Debug|x86.ActiveCfg = Debug|x64
		{4E540BE5-65F2-4CD0-8AA8-81CFCB53BA75}.Release|Any CPU.ActiveCfg = Release|x64
		{4E540BE5-65F2-4CD0-8AA8-81CFCB53BA75}.Release|x64.ActiveCfg = Release|x64
		{4E540BE5-65F2-4CD0-8AA8-81CFCB53BA75}.Release|x64.Build.0 = Release|x64
		{4E540BE5-65F2-4CD0-8AA8-81CFCB53BA75}.Release|x86.ActiveCfg = Release|x64
		{4E540BE5-65F2-4CD0-8AA8-81CFCB53BA75}.Remote|Any CPU.ActiveCfg = Release|x64
		{4E540BE5-65F2-4CD0-8AA8-81CFCB53BA75}.Remote|Any CPU.Build.0 = Release|x64
		{4E540BE5-65F2-4CD0-8AA8-81CFCB53BA75}.Remote|x64.ActiveCfg = Release|x64
		{4E540BE5-65F2-4CD0-8AA8-81CFCB53BA75}.Remote|x64.Build.0 = Release|x64
		{4E540BE5-65F2-4CD0-8AA8-81CFCB53BA75}.Remote|x86.ActiveCfg = Release|x64
		{4E540BE5-65F2-4CD0-8AA8-81CFCB53BA75}.Remote|x86.Build.0 = Release|x64
		{2907F38C-7BA3-42BB-AB9C-E9B3C4CCBD76}.Debug|Any CPU.ActiveCfg = Debug|x64
		{2907F38C-7BA3-42BB-AB9C-E9B3C4CCBD76}.Debug|x64.ActiveCfg = Debug|x64
		{2907F38C-7BA3-42BB-AB9C-E9B3C4CCBD76}.Debug|x64.Build.0 = Debug|x64
		{2907F38C-7BA3-42BB-AB9C-E9B3C4CCBD76}.Debug|x86.ActiveCfg = Debug|x64
		{2907F38C-7BA3-42BB-AB9C-E9B3C4CCBD76}.Release|Any CPU.ActiveCfg = Release|x64
		{2907F38C-7BA3-42BB-AB9C-E9B3C4CCBD76}.Release|x64.ActiveCfg = Release|x64
		{2907F38C-7BA3-42BB-AB9C-E9B3C4CCBD76}.Release|x64.Build.0 = Release|x64
		{2907F38C-7BA3-42BB-AB9C-E9B3C4CCBD76}.Release|x86.ActiveCfg = Release|x64
		{2907F38C-7BA3-42BB-AB9C-E9B3C4CCBD76}.Remote|Any CPU.ActiveCfg = Remote|x64
		{2907F38C-7BA3-42BB-AB9C-E9B3C4CCBD76}.Remote|x64.ActiveCfg = Remote|x64
		{2907F38C-7BA3-42BB-AB9C-E9B3C4CCBD76}.Remote|x64.Build.0 = Remote|x64
		{2907F38C-7BA3-42BB-AB9C-E9B3C4CCBD76}.Remote|x86.ActiveCfg = Remote|x64
		{0902BA13-959B-4B0E-A559-7E93CFA60B4B}.Debug|Any CPU.ActiveCfg = Debug|x64
		{0902BA13-959B-4B0E-A559-7E93CFA60B4B}.Debug|x64.ActiveCfg = Debug|x64
		{0902BA13-959B-4B0E-A559-7E93CFA60B4B}.Debug|x64.Build.0 = Debug|x64
		{0902BA13-959B-4B0E-A559-7E93CFA60B4B}.Debug|x86.ActiveCfg = Debug|x64
		{0902BA13-959B-4B0E-A559-7E93CFA60B4B}.Release|Any CPU.ActiveCfg = Release|x64
		{0902BA13-959B-4B0E-A559-7E93CFA60B4B}.Release|x64.ActiveCfg = Release|x64
		{0902BA13-959B-4B0E-A559-7E93CFA60B4B}.Release|x64.Build.0 = Release|x64
		{0902BA13-959B-4B0E-A559-7E93CFA60B4B}.Release|x86.ActiveCfg = Release|x64
		{0902BA13-959B-4B0E-A559-7E93CFA60B4B}.Remote|Any CPU.ActiveCfg = Remote|x64
		{0902BA13-959B-4B0E-A559-7E93CFA60B4B}.Remote|x64.ActiveCfg = Remote|x64
		{0902BA13-959B-4B0E-A559-7E93CFA60B4B}.Remote|x64.Build.0 = Remote|x64
		{0902BA13-959B-4B0E-A559-7E93CFA60B4B}.Remote|x86.ActiveCfg = Remote|x64
		{F944A89B-488F-4BD0-9F9A-4C36E93DFD44}.Debug|Any CPU.ActiveCfg = Debug|x64
		{F944A89B-488F-4BD0-9F9A-4C36E93DFD44}.Debug|x64.ActiveCfg = Debug|x64
		{F944A89B-488F-4BD0-9F9A-4C36E93DFD44}.Debug|x64.Build.0 = Debug|x64
		{F944A89B-488F-4BD0-9F9A-4C36E93DFD44}.Debug|x86.ActiveCfg = Debug|x64
		{F944A89B-488F-4BD0-9F9A-4C36E93DFD44}.Release|Any CPU.ActiveCfg = Release|x64
		{F944A89B-488F-4BD0-9F9A-4C36E93DFD44}.Release|x64.ActiveCfg = Release|x64
		{F944A89B-488F-4BD0-9F9A-4C36E93DFD44}.Release|x64.Build.0 = Release|x64
		{F944A89B-488F-4BD0-9F9A-4C36E93DFD44}.Release|x86.ActiveCfg = Release|x64
		{F944A89B-488F-4BD0-9F9A-4C36E93DFD44}.Remote|Any CPU.ActiveCfg = Remote|x64
		{F944A89B-488F-4BD0-9F9A-4C36E93DFD44}.Remote|x64.ActiveCfg = Remote|x64
		{F944A89B-488F-4BD0-9F9A-4C36E93DFD44}.Remote|x64.Build.0 = Remote|x64
		{F944A89B-488F-4BD0-9F9A-4C36E93DFD44}.Remote|x86.ActiveCfg = Remote|x64
		{879EE343-D5D0-48A4-9F9A-FEC6CE364786}.Debug|Any CPU.ActiveCfg = Debug|x64
		{879EE343-D5D0-48A4-9F9A-FEC6CE364786}.Debug|x64.ActiveCfg = Debug|x64
		{879EE343-D5D0-48A4-9F9A-FEC6CE364786}.Debug|x64.Build.0 = Debug|x64
		{879EE343-D5D0-48A4-9F9A-FEC6CE364786}.Debug|x86.ActiveCfg = Debug|x64
		{879EE343-D5D0-48A4-9F9A-FEC6CE364786}.Release|Any CPU.ActiveCfg = Release|x64
		{879EE343-D5D0-48A4-9F9A-FEC6CE364786}.Release|x64.ActiveCfg = Release|x64
		{879EE343-D5D0-48A4-9F9A-FEC6CE364786}.Release|x64.Build.0 = Release|x64
		{879EE343-D5D0-48A4-9F9A-FEC6CE364786}.Release|x86.ActiveCfg = Release|x64
		{879EE343-D5D0-48A4-9F9A-FEC6CE364786}.Remote|Any CPU.ActiveCfg = Remote|x64
		{879EE343-D5D0-48A4-9F9A-FEC6CE364786}.Remote|x64.ActiveCfg = Remote|x64
		{879EE343-D5D0-48A4-9F9A-FEC6CE364786}.Remote|x64.Build.0 = Remote|x64
		{879EE343-D5D0-48A4-9F9A-FEC6CE364786}.Remote|x86.ActiveCfg = Remote|x64
		{8332B112-7B21-4777-8908-A55D0C723F63}.Debug|Any CPU.ActiveCfg = Debug|x64
		{8332B112-7B21-4777-8908-A55D0C723F63}.Debug|Any CPU.Build.0 = Debug|x64
		{8332B112-7B21-4777-8908-A55D0C723F63}.Debug|Any CPU.Deploy.0 = Debug|x64
		{8332B112-7B21-4777-8908-A55D0C723F63}.Debug|x64.ActiveCfg = Debug|x64
		{8332B112-7B21-4777-8908-A55D0C723F63}.Debug|x64.Build.0 = Debug|x64
		{8332B112-7B21-4777-8908-A55D0C723F63}.Debug|x64.Deploy.0 = Debug|x64
		{8332B112-7B21-4777-8908-A55D0C723F63}.Debug|x86.ActiveCfg = Debug|x64
		{8332B112-7B21-4777-8908-A55D0C723F63}.Debug|x86.Build.0 = Debug|x64
		{8332B112-7B21-4777-8908-A55D0C723F63}.Debug|x86.Deploy.0 = Debug|x64
		{8332B112-7B21-4777-8908-A55D0C723F63}.Release|Any CPU.ActiveCfg = Release|x86
		{8332B112-7B21-4777-8908-A55D0C723F63}.Release|x64.ActiveCfg = Release|x64
		{8332B112-7B21-4777-8908-A55D0C723F63}.Release|x64.Build.0 = Release|x64
		{8332B112-7B21-4777-8908-A55D0C723F63}.Release|x64.Deploy.0 = Release|x64
		{8332B112-7B21-4777-8908-A55D0C723F63}.Release|x86.ActiveCfg = Release|x86
		{8332B112-7B21-4777-8908-A55D0C723F63}.Release|x86.Build.0 = Release|x86
		{8332B112-7B21-4777-8908-A55D0C723F63}.Release|x86.Deploy.0 = Release|x86
		{8332B112-7B21-4777-8908-A55D0C723F63}.Remote|Any CPU.ActiveCfg = Release|x86
		{8332B112-7B21-4777-8908-A55D0C723F63}.Remote|Any CPU.Build.0 = Release|x86
		{8332B112-7B21-4777-8908-A55D0C723F63}.Remote|Any CPU.Deploy.0 = Release|x86
		{8332B112-7B21-4777-8908-A55D0C723F63}.Remote|x64.ActiveCfg = Release|x64
		{8332B112-7B21-4777-8908-A55D0C723F63}.Remote|x64.Build.0 = Release|x64
		{8332B112-7B21-4777-8908-A55D0C723F63}.Remote|x64.Deploy.0 = Release|x64
		{8332B112-7B21-4777-8908-A55D0C723F63}.Remote|x86.ActiveCfg = Release|x86
		{8332B112-7B21-4777-8908-A55D0C723F63}.Remote|x86.Build.0 = Release|x86
		{8332B112-7B21-4777-8908-A55D0C723F63}.Remote|x86.Deploy.0 = Release|x86
		{D8C77393-7833-4253-9992-A7B006A2D5C0}.Debug|Any CPU.ActiveCfg = Debug|Any CPU
		{D8C77393-7833-4253-9992-A7B006A2D5C0}.Debug|Any CPU.Build.0 = Debug|Any CPU
		{D8C77393-7833-4253-9992-A7B006A2D5C0}.Debug|x64.ActiveCfg = Debug|x64
		{D8C77393-7833-4253-9992-A7B006A2D5C0}.Debug|x64.Build.0 = Debug|x64
		{D8C77393-7833-4253-9992-A7B006A2D5C0}.Debug|x86.ActiveCfg = Debug|x64
		{D8C77393-7833-4253-9992-A7B006A2D5C0}.Debug|x86.Build.0 = Debug|x64
		{D8C77393-7833-4253-9992-A7B006A2D5C0}.Release|Any CPU.ActiveCfg = Release|Any CPU
		{D8C77393-7833-4253-9992-A7B006A2D5C0}.Release|Any CPU.Build.0 = Release|Any CPU
		{D8C77393-7833-4253-9992-A7B006A2D5C0}.Release|x64.ActiveCfg = Release|x64
		{D8C77393-7833-4253-9992-A7B006A2D5C0}.Release|x64.Build.0 = Release|x64
		{D8C77393-7833-4253-9992-A7B006A2D5C0}.Release|x86.ActiveCfg = Release|x86
		{D8C77393-7833-4253-9992-A7B006A2D5C0}.Release|x86.Build.0 = Release|x86
		{D8C77393-7833-4253-9992-A7B006A2D5C0}.Remote|Any CPU.ActiveCfg = Release|Any CPU
		{D8C77393-7833-4253-9992-A7B006A2D5C0}.Remote|Any CPU.Build.0 = Release|Any CPU
		{D8C77393-7833-4253-9992-A7B006A2D5C0}.Remote|x64.ActiveCfg = Release|x64
		{D8C77393-7833-4253-9992-A7B006A2D5C0}.Remote|x64.Build.0 = Release|x64
		{D8C77393-7833-4253-9992-A7B006A2D5C0}.Remote|x86.ActiveCfg = Release|x86
		{D8C77393-7833-4253-9992-A7B006A2D5C0}.Remote|x86.Build.0 = Release|x86
		{7741A63A-68D5-4B90-9177-5EF081989129}.Debug|Any CPU.ActiveCfg = Debug|Any CPU
		{7741A63A-68D5-4B90-9177-5EF081989129}.Debug|Any CPU.Build.0 = Debug|Any CPU
		{7741A63A-68D5-4B90-9177-5EF081989129}.Debug|x64.ActiveCfg = Debug|x64
		{7741A63A-68D5-4B90-9177-5EF081989129}.Debug|x64.Build.0 = Debug|x64
		{7741A63A-68D5-4B90-9177-5EF081989129}.Debug|x86.ActiveCfg = Debug|x64
		{7741A63A-68D5-4B90-9177-5EF081989129}.Debug|x86.Build.0 = Debug|x64
		{7741A63A-68D5-4B90-9177-5EF081989129}.Release|Any CPU.ActiveCfg = Release|Any CPU
		{7741A63A-68D5-4B90-9177-5EF081989129}.Release|Any CPU.Build.0 = Release|Any CPU
		{7741A63A-68D5-4B90-9177-5EF081989129}.Release|x64.ActiveCfg = Release|x64
		{7741A63A-68D5-4B90-9177-5EF081989129}.Release|x64.Build.0 = Release|x64
		{7741A63A-68D5-4B90-9177-5EF081989129}.Release|x86.ActiveCfg = Release|x86
		{7741A63A-68D5-4B90-9177-5EF081989129}.Release|x86.Build.0 = Release|x86
		{7741A63A-68D5-4B90-9177-5EF081989129}.Remote|Any CPU.ActiveCfg = Release|Any CPU
		{7741A63A-68D5-4B90-9177-5EF081989129}.Remote|Any CPU.Build.0 = Release|Any CPU
		{7741A63A-68D5-4B90-9177-5EF081989129}.Remote|x64.ActiveCfg = Release|x64
		{7741A63A-68D5-4B90-9177-5EF081989129}.Remote|x64.Build.0 = Release|x64
		{7741A63A-68D5-4B90-9177-5EF081989129}.Remote|x86.ActiveCfg = Release|x86
		{7741A63A-68D5-4B90-9177-5EF081989129}.Remote|x86.Build.0 = Release|x86
		{CAA6CCA6-96DF-4F24-A93B-BEFC2D6CD45F}.Debug|Any CPU.ActiveCfg = Debug|x64
		{CAA6CCA6-96DF-4F24-A93B-BEFC2D6CD45F}.Debug|Any CPU.Build.0 = Debug|x64
		{CAA6CCA6-96DF-4F24-A93B-BEFC2D6CD45F}.Debug|Any CPU.Deploy.0 = Debug|x64
		{CAA6CCA6-96DF-4F24-A93B-BEFC2D6CD45F}.Debug|x64.ActiveCfg = Debug|x64
		{CAA6CCA6-96DF-4F24-A93B-BEFC2D6CD45F}.Debug|x64.Build.0 = Debug|x64
		{CAA6CCA6-96DF-4F24-A93B-BEFC2D6CD45F}.Debug|x64.Deploy.0 = Debug|x64
		{CAA6CCA6-96DF-4F24-A93B-BEFC2D6CD45F}.Debug|x86.ActiveCfg = Debug|x64
		{CAA6CCA6-96DF-4F24-A93B-BEFC2D6CD45F}.Debug|x86.Build.0 = Debug|x64
		{CAA6CCA6-96DF-4F24-A93B-BEFC2D6CD45F}.Debug|x86.Deploy.0 = Debug|x64
		{CAA6CCA6-96DF-4F24-A93B-BEFC2D6CD45F}.Release|Any CPU.ActiveCfg = Release|x86
		{CAA6CCA6-96DF-4F24-A93B-BEFC2D6CD45F}.Release|x64.ActiveCfg = Release|x64
		{CAA6CCA6-96DF-4F24-A93B-BEFC2D6CD45F}.Release|x64.Build.0 = Release|x64
		{CAA6CCA6-96DF-4F24-A93B-BEFC2D6CD45F}.Release|x64.Deploy.0 = Release|x64
		{CAA6CCA6-96DF-4F24-A93B-BEFC2D6CD45F}.Release|x86.ActiveCfg = Release|x86
		{CAA6CCA6-96DF-4F24-A93B-BEFC2D6CD45F}.Release|x86.Build.0 = Release|x86
		{CAA6CCA6-96DF-4F24-A93B-BEFC2D6CD45F}.Release|x86.Deploy.0 = Release|x86
		{CAA6CCA6-96DF-4F24-A93B-BEFC2D6CD45F}.Remote|Any CPU.ActiveCfg = Release|x64
		{CAA6CCA6-96DF-4F24-A93B-BEFC2D6CD45F}.Remote|Any CPU.Build.0 = Release|x64
		{CAA6CCA6-96DF-4F24-A93B-BEFC2D6CD45F}.Remote|Any CPU.Deploy.0 = Release|x64
		{CAA6CCA6-96DF-4F24-A93B-BEFC2D6CD45F}.Remote|x64.ActiveCfg = Release|x64
		{CAA6CCA6-96DF-4F24-A93B-BEFC2D6CD45F}.Remote|x64.Build.0 = Release|x64
		{CAA6CCA6-96DF-4F24-A93B-BEFC2D6CD45F}.Remote|x64.Deploy.0 = Release|x64
		{CAA6CCA6-96DF-4F24-A93B-BEFC2D6CD45F}.Remote|x86.ActiveCfg = Release|x86
		{CAA6CCA6-96DF-4F24-A93B-BEFC2D6CD45F}.Remote|x86.Build.0 = Release|x86
		{CAA6CCA6-96DF-4F24-A93B-BEFC2D6CD45F}.Remote|x86.Deploy.0 = Release|x86
		{91F557AD-CA14-48FE-9783-2E3213E48F34}.Debug|Any CPU.ActiveCfg = Debug|Any CPU
		{91F557AD-CA14-48FE-9783-2E3213E48F34}.Debug|Any CPU.Build.0 = Debug|Any CPU
		{91F557AD-CA14-48FE-9783-2E3213E48F34}.Debug|x64.ActiveCfg = Debug|Any CPU
		{91F557AD-CA14-48FE-9783-2E3213E48F34}.Debug|x64.Build.0 = Debug|Any CPU
		{91F557AD-CA14-48FE-9783-2E3213E48F34}.Debug|x86.ActiveCfg = Debug|Any CPU
		{91F557AD-CA14-48FE-9783-2E3213E48F34}.Debug|x86.Build.0 = Debug|Any CPU
		{91F557AD-CA14-48FE-9783-2E3213E48F34}.Release|Any CPU.ActiveCfg = Release|Any CPU
		{91F557AD-CA14-48FE-9783-2E3213E48F34}.Release|Any CPU.Build.0 = Release|Any CPU
		{91F557AD-CA14-48FE-9783-2E3213E48F34}.Release|x64.ActiveCfg = Release|Any CPU
		{91F557AD-CA14-48FE-9783-2E3213E48F34}.Release|x64.Build.0 = Release|Any CPU
		{91F557AD-CA14-48FE-9783-2E3213E48F34}.Release|x86.ActiveCfg = Release|Any CPU
		{91F557AD-CA14-48FE-9783-2E3213E48F34}.Release|x86.Build.0 = Release|Any CPU
		{91F557AD-CA14-48FE-9783-2E3213E48F34}.Remote|Any CPU.ActiveCfg = Release|Any CPU
		{91F557AD-CA14-48FE-9783-2E3213E48F34}.Remote|Any CPU.Build.0 = Release|Any CPU
		{91F557AD-CA14-48FE-9783-2E3213E48F34}.Remote|x64.ActiveCfg = Release|Any CPU
		{91F557AD-CA14-48FE-9783-2E3213E48F34}.Remote|x64.Build.0 = Release|Any CPU
		{91F557AD-CA14-48FE-9783-2E3213E48F34}.Remote|x86.ActiveCfg = Release|Any CPU
		{91F557AD-CA14-48FE-9783-2E3213E48F34}.Remote|x86.Build.0 = Release|Any CPU
		{F4D1CB9F-FF46-4927-AE7F-4E8A889F4B0C}.Debug|Any CPU.ActiveCfg = Debug|Any CPU
		{F4D1CB9F-FF46-4927-AE7F-4E8A889F4B0C}.Debug|Any CPU.Build.0 = Debug|Any CPU
		{F4D1CB9F-FF46-4927-AE7F-4E8A889F4B0C}.Debug|x64.ActiveCfg = Debug|Any CPU
		{F4D1CB9F-FF46-4927-AE7F-4E8A889F4B0C}.Debug|x64.Build.0 = Debug|Any CPU
		{F4D1CB9F-FF46-4927-AE7F-4E8A889F4B0C}.Debug|x86.ActiveCfg = Debug|Any CPU
		{F4D1CB9F-FF46-4927-AE7F-4E8A889F4B0C}.Debug|x86.Build.0 = Debug|Any CPU
		{F4D1CB9F-FF46-4927-AE7F-4E8A889F4B0C}.Release|Any CPU.ActiveCfg = Release|Any CPU
		{F4D1CB9F-FF46-4927-AE7F-4E8A889F4B0C}.Release|Any CPU.Build.0 = Release|Any CPU
		{F4D1CB9F-FF46-4927-AE7F-4E8A889F4B0C}.Release|x64.ActiveCfg = Release|Any CPU
		{F4D1CB9F-FF46-4927-AE7F-4E8A889F4B0C}.Release|x64.Build.0 = Release|Any CPU
		{F4D1CB9F-FF46-4927-AE7F-4E8A889F4B0C}.Release|x86.ActiveCfg = Release|Any CPU
		{F4D1CB9F-FF46-4927-AE7F-4E8A889F4B0C}.Release|x86.Build.0 = Release|Any CPU
		{F4D1CB9F-FF46-4927-AE7F-4E8A889F4B0C}.Remote|Any CPU.ActiveCfg = Release|Any CPU
		{F4D1CB9F-FF46-4927-AE7F-4E8A889F4B0C}.Remote|Any CPU.Build.0 = Release|Any CPU
		{F4D1CB9F-FF46-4927-AE7F-4E8A889F4B0C}.Remote|x64.ActiveCfg = Release|Any CPU
		{F4D1CB9F-FF46-4927-AE7F-4E8A889F4B0C}.Remote|x64.Build.0 = Release|Any CPU
		{F4D1CB9F-FF46-4927-AE7F-4E8A889F4B0C}.Remote|x86.ActiveCfg = Release|Any CPU
		{F4D1CB9F-FF46-4927-AE7F-4E8A889F4B0C}.Remote|x86.Build.0 = Release|Any CPU
		{360C391E-85C4-4997-B9BD-B451D760A04F}.Debug|Any CPU.ActiveCfg = Debug|Any CPU
		{360C391E-85C4-4997-B9BD-B451D760A04F}.Debug|Any CPU.Build.0 = Debug|Any CPU
		{360C391E-85C4-4997-B9BD-B451D760A04F}.Debug|x64.ActiveCfg = Debug|Any CPU
		{360C391E-85C4-4997-B9BD-B451D760A04F}.Debug|x64.Build.0 = Debug|Any CPU
		{360C391E-85C4-4997-B9BD-B451D760A04F}.Debug|x86.ActiveCfg = Debug|Any CPU
		{360C391E-85C4-4997-B9BD-B451D760A04F}.Debug|x86.Build.0 = Debug|Any CPU
		{360C391E-85C4-4997-B9BD-B451D760A04F}.Release|Any CPU.ActiveCfg = Release|Any CPU
		{360C391E-85C4-4997-B9BD-B451D760A04F}.Release|Any CPU.Build.0 = Release|Any CPU
		{360C391E-85C4-4997-B9BD-B451D760A04F}.Release|x64.ActiveCfg = Release|Any CPU
		{360C391E-85C4-4997-B9BD-B451D760A04F}.Release|x64.Build.0 = Release|Any CPU
		{360C391E-85C4-4997-B9BD-B451D760A04F}.Release|x86.ActiveCfg = Release|Any CPU
		{360C391E-85C4-4997-B9BD-B451D760A04F}.Release|x86.Build.0 = Release|Any CPU
		{360C391E-85C4-4997-B9BD-B451D760A04F}.Remote|Any CPU.ActiveCfg = Release|Any CPU
		{360C391E-85C4-4997-B9BD-B451D760A04F}.Remote|Any CPU.Build.0 = Release|Any CPU
		{360C391E-85C4-4997-B9BD-B451D760A04F}.Remote|x64.ActiveCfg = Release|Any CPU
		{360C391E-85C4-4997-B9BD-B451D760A04F}.Remote|x64.Build.0 = Release|Any CPU
		{360C391E-85C4-4997-B9BD-B451D760A04F}.Remote|x86.ActiveCfg = Release|Any CPU
		{360C391E-85C4-4997-B9BD-B451D760A04F}.Remote|x86.Build.0 = Release|Any CPU
		{0EF5F7EB-8486-4300-8A19-8C41AC8D91B7}.Debug|Any CPU.ActiveCfg = Debug|x64
		{0EF5F7EB-8486-4300-8A19-8C41AC8D91B7}.Debug|x64.ActiveCfg = Debug|x64
		{0EF5F7EB-8486-4300-8A19-8C41AC8D91B7}.Debug|x64.Build.0 = Debug|x64
		{0EF5F7EB-8486-4300-8A19-8C41AC8D91B7}.Debug|x86.ActiveCfg = Debug|x64
		{0EF5F7EB-8486-4300-8A19-8C41AC8D91B7}.Release|Any CPU.ActiveCfg = Release|x64
		{0EF5F7EB-8486-4300-8A19-8C41AC8D91B7}.Release|x64.ActiveCfg = Release|x64
		{0EF5F7EB-8486-4300-8A19-8C41AC8D91B7}.Release|x64.Build.0 = Release|x64
		{0EF5F7EB-8486-4300-8A19-8C41AC8D91B7}.Release|x86.ActiveCfg = Release|x64
		{0EF5F7EB-8486-4300-8A19-8C41AC8D91B7}.Remote|Any CPU.ActiveCfg = Release|x64
		{0EF5F7EB-8486-4300-8A19-8C41AC8D91B7}.Remote|Any CPU.Build.0 = Release|x64
		{0EF5F7EB-8486-4300-8A19-8C41AC8D91B7}.Remote|x64.ActiveCfg = Release|x64
		{0EF5F7EB-8486-4300-8A19-8C41AC8D91B7}.Remote|x64.Build.0 = Release|x64
		{0EF5F7EB-8486-4300-8A19-8C41AC8D91B7}.Remote|x86.ActiveCfg = Release|x64
		{0EF5F7EB-8486-4300-8A19-8C41AC8D91B7}.Remote|x86.Build.0 = Release|x64
		{252484F7-A94B-4D52-AA89-7BD627DE5D10}.Debug|Any CPU.ActiveCfg = Debug|x64
		{252484F7-A94B-4D52-AA89-7BD627DE5D10}.Debug|x64.ActiveCfg = Debug|x64
		{252484F7-A94B-4D52-AA89-7BD627DE5D10}.Debug|x64.Build.0 = Debug|x64
		{252484F7-A94B-4D52-AA89-7BD627DE5D10}.Debug|x86.ActiveCfg = Debug|x64
		{252484F7-A94B-4D52-AA89-7BD627DE5D10}.Release|Any CPU.ActiveCfg = Release|x64
		{252484F7-A94B-4D52-AA89-7BD627DE5D10}.Release|x64.ActiveCfg = Release|x64
		{252484F7-A94B-4D52-AA89-7BD627DE5D10}.Release|x64.Build.0 = Release|x64
		{252484F7-A94B-4D52-AA89-7BD627DE5D10}.Release|x86.ActiveCfg = Release|x64
		{252484F7-A94B-4D52-AA89-7BD627DE5D10}.Remote|Any CPU.ActiveCfg = Release|x64
		{252484F7-A94B-4D52-AA89-7BD627DE5D10}.Remote|Any CPU.Build.0 = Release|x64
		{252484F7-A94B-4D52-AA89-7BD627DE5D10}.Remote|x64.ActiveCfg = Release|x64
		{252484F7-A94B-4D52-AA89-7BD627DE5D10}.Remote|x64.Build.0 = Release|x64
		{252484F7-A94B-4D52-AA89-7BD627DE5D10}.Remote|x86.ActiveCfg = Release|x64
		{252484F7-A94B-4D52-AA89-7BD627DE5D10}.Remote|x86.Build.0 = Release|x64
		{98F83B85-3F7C-4CCC-865B-8815AC429B94}.Debug|Any CPU.ActiveCfg = Debug|x64
		{98F83B85-3F7C-4CCC-865B-8815AC429B94}.Debug|x64.ActiveCfg = Debug|x64
		{98F83B85-3F7C-4CCC-865B-8815AC429B94}.Debug|x64.Build.0 = Debug|x64
		{98F83B85-3F7C-4CCC-865B-8815AC429B94}.Debug|x86.ActiveCfg = Debug|x64
		{98F83B85-3F7C-4CCC-865B-8815AC429B94}.Release|Any CPU.ActiveCfg = Release|x64
		{98F83B85-3F7C-4CCC-865B-8815AC429B94}.Release|x64.ActiveCfg = Release|x64
		{98F83B85-3F7C-4CCC-865B-8815AC429B94}.Release|x64.Build.0 = Release|x64
		{98F83B85-3F7C-4CCC-865B-8815AC429B94}.Release|x86.ActiveCfg = Release|x64
		{98F83B85-3F7C-4CCC-865B-8815AC429B94}.Remote|Any CPU.ActiveCfg = Release|x64
		{98F83B85-3F7C-4CCC-865B-8815AC429B94}.Remote|Any CPU.Build.0 = Release|x64
		{98F83B85-3F7C-4CCC-865B-8815AC429B94}.Remote|x64.ActiveCfg = Release|x64
		{98F83B85-3F7C-4CCC-865B-8815AC429B94}.Remote|x64.Build.0 = Release|x64
		{98F83B85-3F7C-4CCC-865B-8815AC429B94}.Remote|x86.ActiveCfg = Release|x64
		{98F83B85-3F7C-4CCC-865B-8815AC429B94}.Remote|x86.Build.0 = Release|x64
		{2ABF51EC-BCAB-4E27-8415-A772B249CC68}.Debug|Any CPU.ActiveCfg = Debug|x64
		{2ABF51EC-BCAB-4E27-8415-A772B249CC68}.Debug|x64.ActiveCfg = Debug|x64
		{2ABF51EC-BCAB-4E27-8415-A772B249CC68}.Debug|x64.Build.0 = Debug|x64
		{2ABF51EC-BCAB-4E27-8415-A772B249CC68}.Debug|x86.ActiveCfg = Debug|x64
		{2ABF51EC-BCAB-4E27-8415-A772B249CC68}.Release|Any CPU.ActiveCfg = Release|x64
		{2ABF51EC-BCAB-4E27-8415-A772B249CC68}.Release|x64.ActiveCfg = Release|x64
		{2ABF51EC-BCAB-4E27-8415-A772B249CC68}.Release|x64.Build.0 = Release|x64
		{2ABF51EC-BCAB-4E27-8415-A772B249CC68}.Release|x86.ActiveCfg = Release|x64
		{2ABF51EC-BCAB-4E27-8415-A772B249CC68}.Remote|Any CPU.ActiveCfg = Release|x64
		{2ABF51EC-BCAB-4E27-8415-A772B249CC68}.Remote|Any CPU.Build.0 = Release|x64
		{2ABF51EC-BCAB-4E27-8415-A772B249CC68}.Remote|x64.ActiveCfg = Release|x64
		{2ABF51EC-BCAB-4E27-8415-A772B249CC68}.Remote|x64.Build.0 = Release|x64
		{2ABF51EC-BCAB-4E27-8415-A772B249CC68}.Remote|x86.ActiveCfg = Release|x64
		{2ABF51EC-BCAB-4E27-8415-A772B249CC68}.Remote|x86.Build.0 = Release|x64
		{C0FB3279-D492-43BC-89D4-A481F51EA4AE}.Debug|Any CPU.ActiveCfg = Debug|x64
		{C0FB3279-D492-43BC-89D4-A481F51EA4AE}.Debug|x64.ActiveCfg = Debug|x64
		{C0FB3279-D492-43BC-89D4-A481F51EA4AE}.Debug|x64.Build.0 = Debug|x64
		{C0FB3279-D492-43BC-89D4-A481F51EA4AE}.Debug|x86.ActiveCfg = Debug|x64
		{C0FB3279-D492-43BC-89D4-A481F51EA4AE}.Release|Any CPU.ActiveCfg = Release|x64
		{C0FB3279-D492-43BC-89D4-A481F51EA4AE}.Release|x64.ActiveCfg = Release|x64
		{C0FB3279-D492-43BC-89D4-A481F51EA4AE}.Release|x64.Build.0 = Release|x64
		{C0FB3279-D492-43BC-89D4-A481F51EA4AE}.Release|x86.ActiveCfg = Release|x64
		{C0FB3279-D492-43BC-89D4-A481F51EA4AE}.Remote|Any CPU.ActiveCfg = Release|x64
		{C0FB3279-D492-43BC-89D4-A481F51EA4AE}.Remote|Any CPU.Build.0 = Release|x64
		{C0FB3279-D492-43BC-89D4-A481F51EA4AE}.Remote|x64.ActiveCfg = Release|x64
		{C0FB3279-D492-43BC-89D4-A481F51EA4AE}.Remote|x64.Build.0 = Release|x64
		{C0FB3279-D492-43BC-89D4-A481F51EA4AE}.Remote|x86.ActiveCfg = Release|x64
		{C0FB3279-D492-43BC-89D4-A481F51EA4AE}.Remote|x86.Build.0 = Release|x64
	EndGlobalSection
	GlobalSection(SolutionProperties) = preSolution
		HideSolutionNode = FALSE
	EndGlobalSection
	GlobalSection(NestedProjects) = preSolution
		{0BD31B0D-4675-460F-BF03-82AFAFDD1D1F} = {B6FF48BA-3E72-4A24-844C-00D565AC0A14}
		{532B9DD5-C3DC-4F76-8CF4-233C867FC2D3} = {B6FF48BA-3E72-4A24-844C-00D565AC0A14}
		{88F6F6BE-0858-41E6-9CE2-3704AEFC12A7} = {B6FF48BA-3E72-4A24-844C-00D565AC0A14}
		{6BCC6601-4E70-4066-889C-CDA17497878A} = {B6FF48BA-3E72-4A24-844C-00D565AC0A14}
		{146F582A-9D90-4EBB-8D2A-52C34D1A6FAA} = {B6FF48BA-3E72-4A24-844C-00D565AC0A14}
		{B76F4559-5319-42F1-9FF5-B50A86F9F42A} = {C4441AFD-AEBF-4AEA-8BE8-2C27F3CC962A}
		{851FB6FA-7740-44B8-9ED1-AD92058B5F68} = {5C3CB72C-D477-4E70-AB7B-D3A4E8381397}
		{D4E91BA9-A568-4EC8-93DC-FD14A012026B} = {5C3CB72C-D477-4E70-AB7B-D3A4E8381397}
		{31D44018-B406-4AB2-9E29-6A301D72C752} = {C4441AFD-AEBF-4AEA-8BE8-2C27F3CC962A}
		{D27E7D32-E086-4CA1-A1C4-61F2CFC96E99} = {5C3CB72C-D477-4E70-AB7B-D3A4E8381397}
		{9814CB2F-F8F1-40B3-9F77-56D7C92994FB} = {5C3CB72C-D477-4E70-AB7B-D3A4E8381397}
		{E71833D5-90EF-476C-9EF0-A54ECCA8F89B} = {6FF659D0-3D15-43D1-9FFC-4DDFBEA9718F}
		{BA55C84C-C99C-45CF-BAE5-313111435EF2} = {F880D426-F51F-4EE2-BFE1-DEBBB3370A53}
		{958FF4A0-9B33-4D1A-9F6B-778EE0404E29} = {F880D426-F51F-4EE2-BFE1-DEBBB3370A53}
		{A35BDC68-90FE-4235-AB8E-22909A342DDD} = {C4441AFD-AEBF-4AEA-8BE8-2C27F3CC962A}
		{780A8AEB-BF39-4A8F-9E61-C7FC4F0C360C} = {C4441AFD-AEBF-4AEA-8BE8-2C27F3CC962A}
		{F862D675-0839-4DFE-8331-632D7D93FD2B} = {C4441AFD-AEBF-4AEA-8BE8-2C27F3CC962A}
		{EDB385ED-F65B-4A17-B01C-FFC45F87F395} = {F880D426-F51F-4EE2-BFE1-DEBBB3370A53}
		{B647AA2B-5321-4F97-8AA4-6D3EB4BBBB6F} = {6FF659D0-3D15-43D1-9FFC-4DDFBEA9718F}
		{7343E094-7498-4127-B5BF-690199A9BE97} = {F880D426-F51F-4EE2-BFE1-DEBBB3370A53}
		{01AED387-A6F4-4533-931F-E2586C7D7D7A} = {F880D426-F51F-4EE2-BFE1-DEBBB3370A53}
		{33E74ECA-65BE-4B02-83B1-4920BC5E2377} = {6FF659D0-3D15-43D1-9FFC-4DDFBEA9718F}
		{C790B7E6-FF8A-4A33-B05D-80611D47DDEC} = {F880D426-F51F-4EE2-BFE1-DEBBB3370A53}
		{576A1A0E-E31B-4BB1-BAB6-988DB24AC9B6} = {6FF659D0-3D15-43D1-9FFC-4DDFBEA9718F}
		{928F1530-124F-4360-9533-EF475FE9E089} = {6FF659D0-3D15-43D1-9FFC-4DDFBEA9718F}
		{37A79BE6-430A-4B30-BA84-FDFF760DF270} = {F880D426-F51F-4EE2-BFE1-DEBBB3370A53}
		{84164C6C-05B7-4A41-BC3D-E0AA9D556547} = {5C3CB72C-D477-4E70-AB7B-D3A4E8381397}
		{C0D1BFE9-46D9-4C57-8618-71C28BBBD6E7} = {F880D426-F51F-4EE2-BFE1-DEBBB3370A53}
		{16528750-631B-444F-8B2E-2BDC2847157F} = {C4441AFD-AEBF-4AEA-8BE8-2C27F3CC962A}
		{0DA5D240-2E0A-48F5-9826-BC72B4BDDB47} = {6FF659D0-3D15-43D1-9FFC-4DDFBEA9718F}
		{4E540BE5-65F2-4CD0-8AA8-81CFCB53BA75} = {6FF659D0-3D15-43D1-9FFC-4DDFBEA9718F}
		{2907F38C-7BA3-42BB-AB9C-E9B3C4CCBD76} = {2976DA9D-5BEA-4DB3-930C-FCAD8FDC4D13}
		{0902BA13-959B-4B0E-A559-7E93CFA60B4B} = {2976DA9D-5BEA-4DB3-930C-FCAD8FDC4D13}
		{F944A89B-488F-4BD0-9F9A-4C36E93DFD44} = {2976DA9D-5BEA-4DB3-930C-FCAD8FDC4D13}
		{879EE343-D5D0-48A4-9F9A-FEC6CE364786} = {2976DA9D-5BEA-4DB3-930C-FCAD8FDC4D13}
		{8332B112-7B21-4777-8908-A55D0C723F63} = {D9AB9301-3044-4352-881D-BC9840086075}
		{7B4FC8FC-F230-45C5-82DC-6002F2D56B41} = {4088F98C-0F64-496D-B2BD-017CBE0D6394}
		{6A8513DD-D7F1-4D22-AA06-BFC1DD428DE9} = {749E8F8F-F83B-411F-B2C0-3AC4041353B2}
		{D8C77393-7833-4253-9992-A7B006A2D5C0} = {59785165-A022-4849-B79A-BD4848DA9B7B}
		{D9AB9301-3044-4352-881D-BC9840086075} = {59785165-A022-4849-B79A-BD4848DA9B7B}
		{59785165-A022-4849-B79A-BD4848DA9B7B} = {6A8513DD-D7F1-4D22-AA06-BFC1DD428DE9}
		{7741A63A-68D5-4B90-9177-5EF081989129} = {D9AB9301-3044-4352-881D-BC9840086075}
		{4088F98C-0F64-496D-B2BD-017CBE0D6394} = {749E8F8F-F83B-411F-B2C0-3AC4041353B2}
		{CAA6CCA6-96DF-4F24-A93B-BEFC2D6CD45F} = {D9AB9301-3044-4352-881D-BC9840086075}
		{91F557AD-CA14-48FE-9783-2E3213E48F34} = {5AC08DF5-93B6-448F-A90D-578E8DBED9EE}
		{F4D1CB9F-FF46-4927-AE7F-4E8A889F4B0C} = {5AC08DF5-93B6-448F-A90D-578E8DBED9EE}
		{360C391E-85C4-4997-B9BD-B451D760A04F} = {5AC08DF5-93B6-448F-A90D-578E8DBED9EE}
		{2976DA9D-5BEA-4DB3-930C-FCAD8FDC4D13} = {7B4FC8FC-F230-45C5-82DC-6002F2D56B41}
		{0EF5F7EB-8486-4300-8A19-8C41AC8D91B7} = {6FF659D0-3D15-43D1-9FFC-4DDFBEA9718F}
		{252484F7-A94B-4D52-AA89-7BD627DE5D10} = {7B4FC8FC-F230-45C5-82DC-6002F2D56B41}
		{98F83B85-3F7C-4CCC-865B-8815AC429B94} = {7B4FC8FC-F230-45C5-82DC-6002F2D56B41}
		{2ABF51EC-BCAB-4E27-8415-A772B249CC68} = {7B4FC8FC-F230-45C5-82DC-6002F2D56B41}
		{C0FB3279-D492-43BC-89D4-A481F51EA4AE} = {9C69C5A3-7095-40B2-98D8-8E26164D3B44}
	EndGlobalSection
	GlobalSection(ExtensibilityGlobals) = postSolution
		SolutionGuid = {B8E3D67E-5D5F-41DF-BDD7-441C6E1705BC}
	EndGlobalSection
EndGlobal
